// !$*UTF8*$!
{
	archiveVersion = 1;
	classes = {
	};
	objectVersion = 56;
	objects = {

/* Begin PBXBuildFile section */
		660DB6652C317F8800514738 /* Location.swift in Sources */ = {isa = PBXBuildFile; fileRef = 660DB6642C317F8800514738 /* Location.swift */; };
		660DB6682C31A36900514738 /* PhotoDetailViewModelItem.swift in Sources */ = {isa = PBXBuildFile; fileRef = 660DB6672C31A36900514738 /* PhotoDetailViewModelItem.swift */; };
		6636E3D22C23767A00B0AC83 /* KeyedDecodingContainer + Extensions.swift in Sources */ = {isa = PBXBuildFile; fileRef = 6636E3D12C23767A00B0AC83 /* KeyedDecodingContainer + Extensions.swift */; };
		664A511F2C1DCE6C003491BA /* ImageCache.swift in Sources */ = {isa = PBXBuildFile; fileRef = 664A511E2C1DCE6C003491BA /* ImageCache.swift */; };
		664A51272C1DD3FB003491BA /* UIImage + BlurHash.swift in Sources */ = {isa = PBXBuildFile; fileRef = 664A51262C1DD3FB003491BA /* UIImage + BlurHash.swift */; };
		664A512B2C1DD5D9003491BA /* UIColor + Extensions.swift in Sources */ = {isa = PBXBuildFile; fileRef = 664A512A2C1DD5D9003491BA /* UIColor + Extensions.swift */; };
		664A512D2C1DD737003491BA /* UIImage + Preload.swift in Sources */ = {isa = PBXBuildFile; fileRef = 664A512C2C1DD737003491BA /* UIImage + Preload.swift */; };
		664A51342C1DE7CD003491BA /* Requestable.swift in Sources */ = {isa = PBXBuildFile; fileRef = 664A51332C1DE7CD003491BA /* Requestable.swift */; };
		664A51362C1DE804003491BA /* NetworkService.swift in Sources */ = {isa = PBXBuildFile; fileRef = 664A51352C1DE804003491BA /* NetworkService.swift */; };
		664A51382C1DE831003491BA /* NetworkService + Requestable.swift in Sources */ = {isa = PBXBuildFile; fileRef = 664A51372C1DE831003491BA /* NetworkService + Requestable.swift */; };
		664A513A2C1DE87E003491BA /* APIError.swift in Sources */ = {isa = PBXBuildFile; fileRef = 664A51392C1DE87E003491BA /* APIError.swift */; };
		664A513C2C1DE8A0003491BA /* HTTPResponseStatus.swift in Sources */ = {isa = PBXBuildFile; fileRef = 664A513B2C1DE8A0003491BA /* HTTPResponseStatus.swift */; };
		664A513F2C1DEED9003491BA /* Pageable.swift in Sources */ = {isa = PBXBuildFile; fileRef = 664A513E2C1DEED9003491BA /* Pageable.swift */; };
		664A51412C1DEFA4003491BA /* LastPageValidationUseCase.swift in Sources */ = {isa = PBXBuildFile; fileRef = 664A51402C1DEFA4003491BA /* LastPageValidationUseCase.swift */; };
		664A51432C1DFA38003491BA /* HTTPMethod.swift in Sources */ = {isa = PBXBuildFile; fileRef = 664A51422C1DFA38003491BA /* HTTPMethod.swift */; };
		664A51452C1DFA50003491BA /* API.swift in Sources */ = {isa = PBXBuildFile; fileRef = 664A51442C1DFA50003491BA /* API.swift */; };
		664A51472C1DFA64003491BA /* Endpoints.swift in Sources */ = {isa = PBXBuildFile; fileRef = 664A51462C1DFA64003491BA /* Endpoints.swift */; };
		664A51492C1DFA7A003491BA /* Authorization.swift in Sources */ = {isa = PBXBuildFile; fileRef = 664A51482C1DFA7A003491BA /* Authorization.swift */; };
		664A514E2C1DFE64003491BA /* PrepareParameters.swift in Sources */ = {isa = PBXBuildFile; fileRef = 664A514D2C1DFE64003491BA /* PrepareParameters.swift */; };
		664A51502C1DFEE8003491BA /* PrepareRequests.swift in Sources */ = {isa = PBXBuildFile; fileRef = 664A514F2C1DFEE8003491BA /* PrepareRequests.swift */; };
		664A51522C1DFF61003491BA /* RequestController.swift in Sources */ = {isa = PBXBuildFile; fileRef = 664A51512C1DFF61003491BA /* RequestController.swift */; };
		664A51542C1E4095003491BA /* BaseViewModel.swift in Sources */ = {isa = PBXBuildFile; fileRef = 664A51532C1E4095003491BA /* BaseViewModel.swift */; };
		664A51562C1E40B2003491BA /* StateController.swift in Sources */ = {isa = PBXBuildFile; fileRef = 664A51552C1E40B2003491BA /* StateController.swift */; };
		664A51582C1E4319003491BA /* MessageDisplayable.swift in Sources */ = {isa = PBXBuildFile; fileRef = 664A51572C1E4319003491BA /* MessageDisplayable.swift */; };
		664A515A2C1E443E003491BA /* Reusable.swift in Sources */ = {isa = PBXBuildFile; fileRef = 664A51592C1E443E003491BA /* Reusable.swift */; };
		664A515C2C1E458A003491BA /* Photo.swift in Sources */ = {isa = PBXBuildFile; fileRef = 664A515B2C1E458A003491BA /* Photo.swift */; };
		664A515F2C1E46A6003491BA /* SearchPhotos.swift in Sources */ = {isa = PBXBuildFile; fileRef = 664A515E2C1E46A6003491BA /* SearchPhotos.swift */; };
		664A51632C1E4D31003491BA /* PhotoListViewModelProtocol.swift in Sources */ = {isa = PBXBuildFile; fileRef = 664A51622C1E4D31003491BA /* PhotoListViewModelProtocol.swift */; };
		664A51652C1E4D68003491BA /* Section.swift in Sources */ = {isa = PBXBuildFile; fileRef = 664A51642C1E4D68003491BA /* Section.swift */; };
		664A51672C1E4E6F003491BA /* PhotoListViewModel.swift in Sources */ = {isa = PBXBuildFile; fileRef = 664A51662C1E4E6F003491BA /* PhotoListViewModel.swift */; };
		664BF2BE2BF6472C00C9D29E /* AppDelegate.swift in Sources */ = {isa = PBXBuildFile; fileRef = 664BF2BD2BF6472C00C9D29E /* AppDelegate.swift */; };
		664BF2C02BF6472C00C9D29E /* SceneDelegate.swift in Sources */ = {isa = PBXBuildFile; fileRef = 664BF2BF2BF6472C00C9D29E /* SceneDelegate.swift */; };
		664BF2C72BF6473000C9D29E /* Assets.xcassets in Resources */ = {isa = PBXBuildFile; fileRef = 664BF2C62BF6473000C9D29E /* Assets.xcassets */; };
		664BF2CA2BF6473000C9D29E /* Base in Resources */ = {isa = PBXBuildFile; fileRef = 664BF2C92BF6473000C9D29E /* Base */; };
		664BF2DC2BF65B9B00C9D29E /* Navigable.swift in Sources */ = {isa = PBXBuildFile; fileRef = 664BF2DB2BF65B9B00C9D29E /* Navigable.swift */; };
		664BF2E02BF65C5900C9D29E /* Navigation.swift in Sources */ = {isa = PBXBuildFile; fileRef = 664BF2DF2BF65C5900C9D29E /* Navigation.swift */; };
		664BF2E22BF65D0C00C9D29E /* Navigation + Navigable.swift in Sources */ = {isa = PBXBuildFile; fileRef = 664BF2E12BF65D0C00C9D29E /* Navigation + Navigable.swift */; };
		664BF2E42BF65E4E00C9D29E /* Navigation + UIAdaptivePresentationControllerDelegate.swift in Sources */ = {isa = PBXBuildFile; fileRef = 664BF2E32BF65E4E00C9D29E /* Navigation + UIAdaptivePresentationControllerDelegate.swift */; };
		664BF2E62BF65F4400C9D29E /* Navigation + UINavigationControllerDelegate.swift in Sources */ = {isa = PBXBuildFile; fileRef = 664BF2E52BF65F4400C9D29E /* Navigation + UINavigationControllerDelegate.swift */; };
		664BF2EE2BF6634500C9D29E /* Coordinatable.swift in Sources */ = {isa = PBXBuildFile; fileRef = 664BF2ED2BF6634500C9D29E /* Coordinatable.swift */; };
		664BF2F22BF6676E00C9D29E /* OverlordCoordinator.swift in Sources */ = {isa = PBXBuildFile; fileRef = 664BF2F12BF6676E00C9D29E /* OverlordCoordinator.swift */; };
		664BF2F72BF67DC000C9D29E /* MainTabBarController.swift in Sources */ = {isa = PBXBuildFile; fileRef = 664BF2F62BF67DC000C9D29E /* MainTabBarController.swift */; };
		664BF2FA2BF67F1A00C9D29E /* TabBarItemFactory.swift in Sources */ = {isa = PBXBuildFile; fileRef = 664BF2F92BF67F1A00C9D29E /* TabBarItemFactory.swift */; };
		664BF2FD2BF681FA00C9D29E /* MainTabBarFactory.swift in Sources */ = {isa = PBXBuildFile; fileRef = 664BF2FC2BF681FA00C9D29E /* MainTabBarFactory.swift */; };
		664BF3012BF6999800C9D29E /* MainTabBarCoordinator.swift in Sources */ = {isa = PBXBuildFile; fileRef = 664BF3002BF6999800C9D29E /* MainTabBarCoordinator.swift */; };
		664BF3032BF6AD3900C9D29E /* AppFactory.swift in Sources */ = {isa = PBXBuildFile; fileRef = 664BF3022BF6AD3900C9D29E /* AppFactory.swift */; };
		664BF3052BF6AEA300C9D29E /* AppCoordinator.swift in Sources */ = {isa = PBXBuildFile; fileRef = 664BF3042BF6AEA300C9D29E /* AppCoordinator.swift */; };
		665993592C20E15F00BA8C85 /* PhotoDetailViewController.swift in Sources */ = {isa = PBXBuildFile; fileRef = 665993582C20E15F00BA8C85 /* PhotoDetailViewController.swift */; };
		665CA9012C28CBE50086B2DB /* Social.swift in Sources */ = {isa = PBXBuildFile; fileRef = 665CA9002C28CBE50086B2DB /* Social.swift */; };
		667579F92C3445DC00A7DCC9 /* Download.swift in Sources */ = {isa = PBXBuildFile; fileRef = 667579F82C3445DC00A7DCC9 /* Download.swift */; };
		667579FD2C3446CB00A7DCC9 /* DownloadService.swift in Sources */ = {isa = PBXBuildFile; fileRef = 667579FC2C3446CB00A7DCC9 /* DownloadService.swift */; };
		667A59882C1EE63C00FE4985 /* LoadPhotoListUseCase.swift in Sources */ = {isa = PBXBuildFile; fileRef = 667A59872C1EE63B00FE4985 /* LoadPhotoListUseCase.swift */; };
		667A598A2C1EE66A00FE4985 /* LoadPhotoListRepository.swift in Sources */ = {isa = PBXBuildFile; fileRef = 667A59892C1EE66A00FE4985 /* LoadPhotoListRepository.swift */; };
		667A59902C1EF6F500FE4985 /* PhotoListCollectionViewController.swift in Sources */ = {isa = PBXBuildFile; fileRef = 667A598F2C1EF6F500FE4985 /* PhotoListCollectionViewController.swift */; };
		667A59922C1EF98300FE4985 /* AppLocalized.swift in Sources */ = {isa = PBXBuildFile; fileRef = 667A59912C1EF98300FE4985 /* AppLocalized.swift */; };
		667A59942C1EF9B400FE4985 /* + MessageDisplayable.swift in Sources */ = {isa = PBXBuildFile; fileRef = 667A59932C1EF9B400FE4985 /* + MessageDisplayable.swift */; };
		667A59982C1EFE4A00FE4985 /* ImageDownloader.swift in Sources */ = {isa = PBXBuildFile; fileRef = 667A59972C1EFE4A00FE4985 /* ImageDownloader.swift */; };
		667A599C2C1F082900FE4985 /* PhotoCell.swift in Sources */ = {isa = PBXBuildFile; fileRef = 667A599B2C1F082900FE4985 /* PhotoCell.swift */; };
		66A17F3D2C29AC6C0032767F /* ContainerView.swift in Sources */ = {isa = PBXBuildFile; fileRef = 66A17F3C2C29AC6C0032767F /* ContainerView.swift */; };
		66A17F412C2A0CE80032767F /* SpinnerDisplayable.swift in Sources */ = {isa = PBXBuildFile; fileRef = 66A17F402C2A0CE80032767F /* SpinnerDisplayable.swift */; };
		66A17F432C2A0D830032767F /* UIView + Extension.swift in Sources */ = {isa = PBXBuildFile; fileRef = 66A17F422C2A0D830032767F /* UIView + Extension.swift */; };
		66A17F452C2A0E7C0032767F /* ViewValues.swift in Sources */ = {isa = PBXBuildFile; fileRef = 66A17F442C2A0E7C0032767F /* ViewValues.swift */; };
		66A3F3A92C3593D300F367A4 /* BarButtonViews.swift in Sources */ = {isa = PBXBuildFile; fileRef = 66A3F3A82C3593D300F367A4 /* BarButtonViews.swift */; };
		66A3F3AB2C3593EF00F367A4 /* DownloadButtonVisualEffectView.swift in Sources */ = {isa = PBXBuildFile; fileRef = 66A3F3AA2C3593EF00F367A4 /* DownloadButtonVisualEffectView.swift */; };
		66A3F3AD2C35940200F367A4 /* PauseButtonVisualEffectView.swift in Sources */ = {isa = PBXBuildFile; fileRef = 66A3F3AC2C35940200F367A4 /* PauseButtonVisualEffectView.swift */; };
		66A3F3AF2C35942C00F367A4 /* ToggleVisualEffectView.swift in Sources */ = {isa = PBXBuildFile; fileRef = 66A3F3AE2C35942C00F367A4 /* ToggleVisualEffectView.swift */; };
		66A698482C2DC9A100F0C954 /* String + Extension.swift in Sources */ = {isa = PBXBuildFile; fileRef = 66A698472C2DC9A100F0C954 /* String + Extension.swift */; };
		66B0C71F2C261D370074CE5B /* + UICollectionViewDelegate.swift in Sources */ = {isa = PBXBuildFile; fileRef = 66B0C71E2C261D370074CE5B /* + UICollectionViewDelegate.swift */; };
		66BE9C592C1F0E450006011A /* + UIScrollViewDelegate.swift in Sources */ = {isa = PBXBuildFile; fileRef = 66BE9C582C1F0E440006011A /* + UIScrollViewDelegate.swift */; };
		66BE9C5B2C1F10680006011A /* LayoutConstants.swift in Sources */ = {isa = PBXBuildFile; fileRef = 66BE9C5A2C1F10680006011A /* LayoutConstants.swift */; };
		66BE9C5D2C1F10A30006011A /* WaterfallLayout.swift in Sources */ = {isa = PBXBuildFile; fileRef = 66BE9C5C2C1F10A30006011A /* WaterfallLayout.swift */; };
		66BE9C602C1F13C10006011A /* + WaterfallLayoutDelegate.swift in Sources */ = {isa = PBXBuildFile; fileRef = 66BE9C5F2C1F13C10006011A /* + WaterfallLayoutDelegate.swift */; };
		66BE9C622C1F150F0006011A /* PhotoListFactory.swift in Sources */ = {isa = PBXBuildFile; fileRef = 66BE9C612C1F150F0006011A /* PhotoListFactory.swift */; };
		66BE9C662C1F17870006011A /* PhotoListCoordinator.swift in Sources */ = {isa = PBXBuildFile; fileRef = 66BE9C652C1F17860006011A /* PhotoListCoordinator.swift */; };
		66BE9C682C1FAB370006011A /* MainTabBarConstants.swift in Sources */ = {isa = PBXBuildFile; fileRef = 66BE9C672C1FAB370006011A /* MainTabBarConstants.swift */; };
		66BE9C6F2C2073CF0006011A /* GradientView.swift in Sources */ = {isa = PBXBuildFile; fileRef = 66BE9C6E2C2073CF0006011A /* GradientView.swift */; };
		66BE9C712C20791B0006011A /* User.swift in Sources */ = {isa = PBXBuildFile; fileRef = 66BE9C702C20791B0006011A /* User.swift */; };
		66D082422C24C80E000574A7 /* PhotoDetailFactory.swift in Sources */ = {isa = PBXBuildFile; fileRef = 66D082412C24C80E000574A7 /* PhotoDetailFactory.swift */; };
		66D082442C24D896000574A7 /* PhotoDetailRepository.swift in Sources */ = {isa = PBXBuildFile; fileRef = 66D082432C24D896000574A7 /* PhotoDetailRepository.swift */; };
		66D082462C24D8D0000574A7 /* LoadPhotoDetailUseCase.swift in Sources */ = {isa = PBXBuildFile; fileRef = 66D082452C24D8D0000574A7 /* LoadPhotoDetailUseCase.swift */; };
		66D082482C24DA4F000574A7 /* PhotoDetailCoordinator.swift in Sources */ = {isa = PBXBuildFile; fileRef = 66D082472C24DA4F000574A7 /* PhotoDetailCoordinator.swift */; };
		66D0824A2C24E1C1000574A7 /* PhotoDetailViewModel.swift in Sources */ = {isa = PBXBuildFile; fileRef = 66D082492C24E1C1000574A7 /* PhotoDetailViewModel.swift */; };
		66D0824D2C2574F6000574A7 /* PhotoExif.swift in Sources */ = {isa = PBXBuildFile; fileRef = 66D0824C2C2574F6000574A7 /* PhotoExif.swift */; };
		66F5C23A2C2C57B4001FC3A3 /* UIConst.swift in Sources */ = {isa = PBXBuildFile; fileRef = 66F5C2392C2C57B4001FC3A3 /* UIConst.swift */; };
		66F5C23F2C2C988B001FC3A3 /* LocalDataImageService.swift in Sources */ = {isa = PBXBuildFile; fileRef = 66F5C23E2C2C988B001FC3A3 /* LocalDataImageService.swift */; };
		66F5C2412C2C9967001FC3A3 /* ImageDataRepository.swift in Sources */ = {isa = PBXBuildFile; fileRef = 66F5C2402C2C9967001FC3A3 /* ImageDataRepository.swift */; };
		66F5C2432C2C9A10001FC3A3 /* ImageDataRequestable.swift in Sources */ = {isa = PBXBuildFile; fileRef = 66F5C2422C2C9A10001FC3A3 /* ImageDataRequestable.swift */; };
		66F5C2452C2C9A8E001FC3A3 /* ImageDataUseCase.swift in Sources */ = {isa = PBXBuildFile; fileRef = 66F5C2442C2C9A8E001FC3A3 /* ImageDataUseCase.swift */; };
		66F5C2472C2C9ED7001FC3A3 /* PhotoListViewModelItem.swift in Sources */ = {isa = PBXBuildFile; fileRef = 66F5C2462C2C9ED7001FC3A3 /* PhotoListViewModelItem.swift */; };
		66F5C2492C2CA0B6001FC3A3 /* AppContainer.swift in Sources */ = {isa = PBXBuildFile; fileRef = 66F5C2482C2CA0B6001FC3A3 /* AppContainer.swift */; };
		66F5C24B2C2CA16F001FC3A3 /* NetworkService + ImageDataRequestable.swift in Sources */ = {isa = PBXBuildFile; fileRef = 66F5C24A2C2CA16F001FC3A3 /* NetworkService + ImageDataRequestable.swift */; };
		66F5C24D2C2CA6D8001FC3A3 /* UIImageView + Utils.swift in Sources */ = {isa = PBXBuildFile; fileRef = 66F5C24C2C2CA6D8001FC3A3 /* UIImageView + Utils.swift */; };
/* End PBXBuildFile section */

/* Begin PBXFileReference section */
		660DB6642C317F8800514738 /* Location.swift */ = {isa = PBXFileReference; lastKnownFileType = sourcecode.swift; path = Location.swift; sourceTree = "<group>"; };
		660DB6672C31A36900514738 /* PhotoDetailViewModelItem.swift */ = {isa = PBXFileReference; lastKnownFileType = sourcecode.swift; path = PhotoDetailViewModelItem.swift; sourceTree = "<group>"; };
		6636E3D12C23767A00B0AC83 /* KeyedDecodingContainer + Extensions.swift */ = {isa = PBXFileReference; lastKnownFileType = sourcecode.swift; path = "KeyedDecodingContainer + Extensions.swift"; sourceTree = "<group>"; };
		664A511E2C1DCE6C003491BA /* ImageCache.swift */ = {isa = PBXFileReference; lastKnownFileType = sourcecode.swift; path = ImageCache.swift; sourceTree = "<group>"; };
		664A51262C1DD3FB003491BA /* UIImage + BlurHash.swift */ = {isa = PBXFileReference; lastKnownFileType = sourcecode.swift; path = "UIImage + BlurHash.swift"; sourceTree = "<group>"; };
		664A512A2C1DD5D9003491BA /* UIColor + Extensions.swift */ = {isa = PBXFileReference; lastKnownFileType = sourcecode.swift; path = "UIColor + Extensions.swift"; sourceTree = "<group>"; };
		664A512C2C1DD737003491BA /* UIImage + Preload.swift */ = {isa = PBXFileReference; lastKnownFileType = sourcecode.swift; path = "UIImage + Preload.swift"; sourceTree = "<group>"; };
		664A51332C1DE7CD003491BA /* Requestable.swift */ = {isa = PBXFileReference; lastKnownFileType = sourcecode.swift; path = Requestable.swift; sourceTree = "<group>"; };
		664A51352C1DE804003491BA /* NetworkService.swift */ = {isa = PBXFileReference; lastKnownFileType = sourcecode.swift; path = NetworkService.swift; sourceTree = "<group>"; };
		664A51372C1DE831003491BA /* NetworkService + Requestable.swift */ = {isa = PBXFileReference; lastKnownFileType = sourcecode.swift; path = "NetworkService + Requestable.swift"; sourceTree = "<group>"; };
		664A51392C1DE87E003491BA /* APIError.swift */ = {isa = PBXFileReference; lastKnownFileType = sourcecode.swift; path = APIError.swift; sourceTree = "<group>"; };
		664A513B2C1DE8A0003491BA /* HTTPResponseStatus.swift */ = {isa = PBXFileReference; lastKnownFileType = sourcecode.swift; path = HTTPResponseStatus.swift; sourceTree = "<group>"; };
		664A513E2C1DEED9003491BA /* Pageable.swift */ = {isa = PBXFileReference; lastKnownFileType = sourcecode.swift; path = Pageable.swift; sourceTree = "<group>"; };
		664A51402C1DEFA4003491BA /* LastPageValidationUseCase.swift */ = {isa = PBXFileReference; lastKnownFileType = sourcecode.swift; path = LastPageValidationUseCase.swift; sourceTree = "<group>"; };
		664A51422C1DFA38003491BA /* HTTPMethod.swift */ = {isa = PBXFileReference; lastKnownFileType = sourcecode.swift; path = HTTPMethod.swift; sourceTree = "<group>"; };
		664A51442C1DFA50003491BA /* API.swift */ = {isa = PBXFileReference; lastKnownFileType = sourcecode.swift; path = API.swift; sourceTree = "<group>"; };
		664A51462C1DFA64003491BA /* Endpoints.swift */ = {isa = PBXFileReference; lastKnownFileType = sourcecode.swift; path = Endpoints.swift; sourceTree = "<group>"; };
		664A51482C1DFA7A003491BA /* Authorization.swift */ = {isa = PBXFileReference; lastKnownFileType = sourcecode.swift; path = Authorization.swift; sourceTree = "<group>"; };
		664A514D2C1DFE64003491BA /* PrepareParameters.swift */ = {isa = PBXFileReference; lastKnownFileType = sourcecode.swift; path = PrepareParameters.swift; sourceTree = "<group>"; };
		664A514F2C1DFEE8003491BA /* PrepareRequests.swift */ = {isa = PBXFileReference; lastKnownFileType = sourcecode.swift; path = PrepareRequests.swift; sourceTree = "<group>"; };
		664A51512C1DFF61003491BA /* RequestController.swift */ = {isa = PBXFileReference; lastKnownFileType = sourcecode.swift; path = RequestController.swift; sourceTree = "<group>"; };
		664A51532C1E4095003491BA /* BaseViewModel.swift */ = {isa = PBXFileReference; lastKnownFileType = sourcecode.swift; path = BaseViewModel.swift; sourceTree = "<group>"; };
		664A51552C1E40B2003491BA /* StateController.swift */ = {isa = PBXFileReference; lastKnownFileType = sourcecode.swift; path = StateController.swift; sourceTree = "<group>"; };
		664A51572C1E4319003491BA /* MessageDisplayable.swift */ = {isa = PBXFileReference; lastKnownFileType = sourcecode.swift; path = MessageDisplayable.swift; sourceTree = "<group>"; };
		664A51592C1E443E003491BA /* Reusable.swift */ = {isa = PBXFileReference; lastKnownFileType = sourcecode.swift; path = Reusable.swift; sourceTree = "<group>"; };
		664A515B2C1E458A003491BA /* Photo.swift */ = {isa = PBXFileReference; lastKnownFileType = sourcecode.swift; path = Photo.swift; sourceTree = "<group>"; };
		664A515E2C1E46A6003491BA /* SearchPhotos.swift */ = {isa = PBXFileReference; lastKnownFileType = sourcecode.swift; path = SearchPhotos.swift; sourceTree = "<group>"; };
		664A51622C1E4D31003491BA /* PhotoListViewModelProtocol.swift */ = {isa = PBXFileReference; lastKnownFileType = sourcecode.swift; path = PhotoListViewModelProtocol.swift; sourceTree = "<group>"; };
		664A51642C1E4D68003491BA /* Section.swift */ = {isa = PBXFileReference; lastKnownFileType = sourcecode.swift; path = Section.swift; sourceTree = "<group>"; };
		664A51662C1E4E6F003491BA /* PhotoListViewModel.swift */ = {isa = PBXFileReference; lastKnownFileType = sourcecode.swift; path = PhotoListViewModel.swift; sourceTree = "<group>"; };
		664BF2BA2BF6472C00C9D29E /* Snjor.app */ = {isa = PBXFileReference; explicitFileType = wrapper.application; includeInIndex = 0; path = Snjor.app; sourceTree = BUILT_PRODUCTS_DIR; };
		664BF2BD2BF6472C00C9D29E /* AppDelegate.swift */ = {isa = PBXFileReference; lastKnownFileType = sourcecode.swift; path = AppDelegate.swift; sourceTree = "<group>"; };
		664BF2BF2BF6472C00C9D29E /* SceneDelegate.swift */ = {isa = PBXFileReference; lastKnownFileType = sourcecode.swift; path = SceneDelegate.swift; sourceTree = "<group>"; };
		664BF2C62BF6473000C9D29E /* Assets.xcassets */ = {isa = PBXFileReference; lastKnownFileType = folder.assetcatalog; path = Assets.xcassets; sourceTree = "<group>"; };
		664BF2C92BF6473000C9D29E /* Base */ = {isa = PBXFileReference; lastKnownFileType = file.storyboard; name = Base; path = Base.lproj/LaunchScreen.storyboard; sourceTree = "<group>"; };
		664BF2CB2BF6473000C9D29E /* Info.plist */ = {isa = PBXFileReference; lastKnownFileType = text.plist.xml; path = Info.plist; sourceTree = "<group>"; };
		664BF2DB2BF65B9B00C9D29E /* Navigable.swift */ = {isa = PBXFileReference; lastKnownFileType = sourcecode.swift; path = Navigable.swift; sourceTree = "<group>"; };
		664BF2DF2BF65C5900C9D29E /* Navigation.swift */ = {isa = PBXFileReference; lastKnownFileType = sourcecode.swift; path = Navigation.swift; sourceTree = "<group>"; };
		664BF2E12BF65D0C00C9D29E /* Navigation + Navigable.swift */ = {isa = PBXFileReference; lastKnownFileType = sourcecode.swift; path = "Navigation + Navigable.swift"; sourceTree = "<group>"; };
		664BF2E32BF65E4E00C9D29E /* Navigation + UIAdaptivePresentationControllerDelegate.swift */ = {isa = PBXFileReference; lastKnownFileType = sourcecode.swift; path = "Navigation + UIAdaptivePresentationControllerDelegate.swift"; sourceTree = "<group>"; };
		664BF2E52BF65F4400C9D29E /* Navigation + UINavigationControllerDelegate.swift */ = {isa = PBXFileReference; lastKnownFileType = sourcecode.swift; path = "Navigation + UINavigationControllerDelegate.swift"; sourceTree = "<group>"; };
		664BF2ED2BF6634500C9D29E /* Coordinatable.swift */ = {isa = PBXFileReference; lastKnownFileType = sourcecode.swift; path = Coordinatable.swift; sourceTree = "<group>"; };
		664BF2F12BF6676E00C9D29E /* OverlordCoordinator.swift */ = {isa = PBXFileReference; lastKnownFileType = sourcecode.swift; path = OverlordCoordinator.swift; sourceTree = "<group>"; };
		664BF2F62BF67DC000C9D29E /* MainTabBarController.swift */ = {isa = PBXFileReference; lastKnownFileType = sourcecode.swift; path = MainTabBarController.swift; sourceTree = "<group>"; };
		664BF2F92BF67F1A00C9D29E /* TabBarItemFactory.swift */ = {isa = PBXFileReference; lastKnownFileType = sourcecode.swift; path = TabBarItemFactory.swift; sourceTree = "<group>"; };
		664BF2FC2BF681FA00C9D29E /* MainTabBarFactory.swift */ = {isa = PBXFileReference; lastKnownFileType = sourcecode.swift; path = MainTabBarFactory.swift; sourceTree = "<group>"; };
		664BF3002BF6999800C9D29E /* MainTabBarCoordinator.swift */ = {isa = PBXFileReference; lastKnownFileType = sourcecode.swift; path = MainTabBarCoordinator.swift; sourceTree = "<group>"; };
		664BF3022BF6AD3900C9D29E /* AppFactory.swift */ = {isa = PBXFileReference; lastKnownFileType = sourcecode.swift; path = AppFactory.swift; sourceTree = "<group>"; };
		664BF3042BF6AEA300C9D29E /* AppCoordinator.swift */ = {isa = PBXFileReference; lastKnownFileType = sourcecode.swift; path = AppCoordinator.swift; sourceTree = "<group>"; };
		665993582C20E15F00BA8C85 /* PhotoDetailViewController.swift */ = {isa = PBXFileReference; lastKnownFileType = sourcecode.swift; path = PhotoDetailViewController.swift; sourceTree = "<group>"; };
		665CA9002C28CBE50086B2DB /* Social.swift */ = {isa = PBXFileReference; lastKnownFileType = sourcecode.swift; path = Social.swift; sourceTree = "<group>"; };
		667579F82C3445DC00A7DCC9 /* Download.swift */ = {isa = PBXFileReference; lastKnownFileType = sourcecode.swift; path = Download.swift; sourceTree = "<group>"; };
		667579FC2C3446CB00A7DCC9 /* DownloadService.swift */ = {isa = PBXFileReference; lastKnownFileType = sourcecode.swift; path = DownloadService.swift; sourceTree = "<group>"; };
		667A59872C1EE63B00FE4985 /* LoadPhotoListUseCase.swift */ = {isa = PBXFileReference; lastKnownFileType = sourcecode.swift; path = LoadPhotoListUseCase.swift; sourceTree = "<group>"; };
		667A59892C1EE66A00FE4985 /* LoadPhotoListRepository.swift */ = {isa = PBXFileReference; lastKnownFileType = sourcecode.swift; path = LoadPhotoListRepository.swift; sourceTree = "<group>"; };
		667A598F2C1EF6F500FE4985 /* PhotoListCollectionViewController.swift */ = {isa = PBXFileReference; lastKnownFileType = sourcecode.swift; path = PhotoListCollectionViewController.swift; sourceTree = "<group>"; };
		667A59912C1EF98300FE4985 /* AppLocalized.swift */ = {isa = PBXFileReference; lastKnownFileType = sourcecode.swift; path = AppLocalized.swift; sourceTree = "<group>"; };
		667A59932C1EF9B400FE4985 /* + MessageDisplayable.swift */ = {isa = PBXFileReference; lastKnownFileType = sourcecode.swift; path = "+ MessageDisplayable.swift"; sourceTree = "<group>"; };
		667A59972C1EFE4A00FE4985 /* ImageDownloader.swift */ = {isa = PBXFileReference; lastKnownFileType = sourcecode.swift; path = ImageDownloader.swift; sourceTree = "<group>"; };
		667A599B2C1F082900FE4985 /* PhotoCell.swift */ = {isa = PBXFileReference; lastKnownFileType = sourcecode.swift; path = PhotoCell.swift; sourceTree = "<group>"; };
		66A17F3C2C29AC6C0032767F /* ContainerView.swift */ = {isa = PBXFileReference; lastKnownFileType = sourcecode.swift; path = ContainerView.swift; sourceTree = "<group>"; };
		66A17F402C2A0CE80032767F /* SpinnerDisplayable.swift */ = {isa = PBXFileReference; lastKnownFileType = sourcecode.swift; path = SpinnerDisplayable.swift; sourceTree = "<group>"; };
		66A17F422C2A0D830032767F /* UIView + Extension.swift */ = {isa = PBXFileReference; lastKnownFileType = sourcecode.swift; path = "UIView + Extension.swift"; sourceTree = "<group>"; };
		66A17F442C2A0E7C0032767F /* ViewValues.swift */ = {isa = PBXFileReference; lastKnownFileType = sourcecode.swift; path = ViewValues.swift; sourceTree = "<group>"; };
		66A3F3A82C3593D300F367A4 /* BarButtonViews.swift */ = {isa = PBXFileReference; lastKnownFileType = sourcecode.swift; path = BarButtonViews.swift; sourceTree = "<group>"; };
		66A3F3AA2C3593EF00F367A4 /* DownloadButtonVisualEffectView.swift */ = {isa = PBXFileReference; lastKnownFileType = sourcecode.swift; path = DownloadButtonVisualEffectView.swift; sourceTree = "<group>"; };
		66A3F3AC2C35940200F367A4 /* PauseButtonVisualEffectView.swift */ = {isa = PBXFileReference; lastKnownFileType = sourcecode.swift; path = PauseButtonVisualEffectView.swift; sourceTree = "<group>"; };
		66A3F3AE2C35942C00F367A4 /* ToggleVisualEffectView.swift */ = {isa = PBXFileReference; lastKnownFileType = sourcecode.swift; path = ToggleVisualEffectView.swift; sourceTree = "<group>"; };
		66A698472C2DC9A100F0C954 /* String + Extension.swift */ = {isa = PBXFileReference; lastKnownFileType = sourcecode.swift; path = "String + Extension.swift"; sourceTree = "<group>"; };
		66B0C71E2C261D370074CE5B /* + UICollectionViewDelegate.swift */ = {isa = PBXFileReference; lastKnownFileType = sourcecode.swift; path = "+ UICollectionViewDelegate.swift"; sourceTree = "<group>"; };
		66BE9C582C1F0E440006011A /* + UIScrollViewDelegate.swift */ = {isa = PBXFileReference; lastKnownFileType = sourcecode.swift; path = "+ UIScrollViewDelegate.swift"; sourceTree = "<group>"; };
		66BE9C5A2C1F10680006011A /* LayoutConstants.swift */ = {isa = PBXFileReference; lastKnownFileType = sourcecode.swift; path = LayoutConstants.swift; sourceTree = "<group>"; };
		66BE9C5C2C1F10A30006011A /* WaterfallLayout.swift */ = {isa = PBXFileReference; lastKnownFileType = sourcecode.swift; path = WaterfallLayout.swift; sourceTree = "<group>"; };
		66BE9C5F2C1F13C10006011A /* + WaterfallLayoutDelegate.swift */ = {isa = PBXFileReference; lastKnownFileType = sourcecode.swift; path = "+ WaterfallLayoutDelegate.swift"; sourceTree = "<group>"; };
		66BE9C612C1F150F0006011A /* PhotoListFactory.swift */ = {isa = PBXFileReference; lastKnownFileType = sourcecode.swift; path = PhotoListFactory.swift; sourceTree = "<group>"; };
		66BE9C652C1F17860006011A /* PhotoListCoordinator.swift */ = {isa = PBXFileReference; lastKnownFileType = sourcecode.swift; path = PhotoListCoordinator.swift; sourceTree = "<group>"; };
		66BE9C672C1FAB370006011A /* MainTabBarConstants.swift */ = {isa = PBXFileReference; lastKnownFileType = sourcecode.swift; path = MainTabBarConstants.swift; sourceTree = "<group>"; };
		66BE9C6E2C2073CF0006011A /* GradientView.swift */ = {isa = PBXFileReference; lastKnownFileType = sourcecode.swift; path = GradientView.swift; sourceTree = "<group>"; };
		66BE9C702C20791B0006011A /* User.swift */ = {isa = PBXFileReference; lastKnownFileType = sourcecode.swift; path = User.swift; sourceTree = "<group>"; };
		66D082412C24C80E000574A7 /* PhotoDetailFactory.swift */ = {isa = PBXFileReference; lastKnownFileType = sourcecode.swift; path = PhotoDetailFactory.swift; sourceTree = "<group>"; };
		66D082432C24D896000574A7 /* PhotoDetailRepository.swift */ = {isa = PBXFileReference; lastKnownFileType = sourcecode.swift; path = PhotoDetailRepository.swift; sourceTree = "<group>"; };
		66D082452C24D8D0000574A7 /* LoadPhotoDetailUseCase.swift */ = {isa = PBXFileReference; lastKnownFileType = sourcecode.swift; path = LoadPhotoDetailUseCase.swift; sourceTree = "<group>"; };
		66D082472C24DA4F000574A7 /* PhotoDetailCoordinator.swift */ = {isa = PBXFileReference; lastKnownFileType = sourcecode.swift; path = PhotoDetailCoordinator.swift; sourceTree = "<group>"; };
		66D082492C24E1C1000574A7 /* PhotoDetailViewModel.swift */ = {isa = PBXFileReference; lastKnownFileType = sourcecode.swift; path = PhotoDetailViewModel.swift; sourceTree = "<group>"; };
		66D0824C2C2574F6000574A7 /* PhotoExif.swift */ = {isa = PBXFileReference; lastKnownFileType = sourcecode.swift; path = PhotoExif.swift; sourceTree = "<group>"; };
		66F5C2392C2C57B4001FC3A3 /* UIConst.swift */ = {isa = PBXFileReference; lastKnownFileType = sourcecode.swift; path = UIConst.swift; sourceTree = "<group>"; };
		66F5C23E2C2C988B001FC3A3 /* LocalDataImageService.swift */ = {isa = PBXFileReference; lastKnownFileType = sourcecode.swift; path = LocalDataImageService.swift; sourceTree = "<group>"; };
		66F5C2402C2C9967001FC3A3 /* ImageDataRepository.swift */ = {isa = PBXFileReference; lastKnownFileType = sourcecode.swift; path = ImageDataRepository.swift; sourceTree = "<group>"; };
		66F5C2422C2C9A10001FC3A3 /* ImageDataRequestable.swift */ = {isa = PBXFileReference; lastKnownFileType = sourcecode.swift; path = ImageDataRequestable.swift; sourceTree = "<group>"; };
		66F5C2442C2C9A8E001FC3A3 /* ImageDataUseCase.swift */ = {isa = PBXFileReference; lastKnownFileType = sourcecode.swift; path = ImageDataUseCase.swift; sourceTree = "<group>"; };
		66F5C2462C2C9ED7001FC3A3 /* PhotoListViewModelItem.swift */ = {isa = PBXFileReference; lastKnownFileType = sourcecode.swift; path = PhotoListViewModelItem.swift; sourceTree = "<group>"; };
		66F5C2482C2CA0B6001FC3A3 /* AppContainer.swift */ = {isa = PBXFileReference; lastKnownFileType = sourcecode.swift; path = AppContainer.swift; sourceTree = "<group>"; };
		66F5C24A2C2CA16F001FC3A3 /* NetworkService + ImageDataRequestable.swift */ = {isa = PBXFileReference; lastKnownFileType = sourcecode.swift; path = "NetworkService + ImageDataRequestable.swift"; sourceTree = "<group>"; };
		66F5C24C2C2CA6D8001FC3A3 /* UIImageView + Utils.swift */ = {isa = PBXFileReference; lastKnownFileType = sourcecode.swift; path = "UIImageView + Utils.swift"; sourceTree = "<group>"; };
/* End PBXFileReference section */

/* Begin PBXFrameworksBuildPhase section */
		664BF2B72BF6472C00C9D29E /* Frameworks */ = {
			isa = PBXFrameworksBuildPhase;
			buildActionMask = 2147483647;
			files = (
			);
			runOnlyForDeploymentPostprocessing = 0;
		};
/* End PBXFrameworksBuildPhase section */

/* Begin PBXGroup section */
		664A511C2C1CE25B003491BA /* Core */ = {
			isa = PBXGroup;
			children = (
				664BF2DB2BF65B9B00C9D29E /* Navigable.swift */,
				664BF2ED2BF6634500C9D29E /* Coordinatable.swift */,
				664BF2F12BF6676E00C9D29E /* OverlordCoordinator.swift */,
			);
			path = Core;
			sourceTree = "<group>";
		};
		664A511D2C1DCE5B003491BA /* Storage */ = {
			isa = PBXGroup;
			children = (
				66F5C23D2C2C985D001FC3A3 /* Storage */,
				664A511E2C1DCE6C003491BA /* ImageCache.swift */,
			);
			path = Storage;
			sourceTree = "<group>";
		};
		664A51252C1DD3DF003491BA /* Utils */ = {
			isa = PBXGroup;
			children = (
				664A51262C1DD3FB003491BA /* UIImage + BlurHash.swift */,
				664A512A2C1DD5D9003491BA /* UIColor + Extensions.swift */,
				664A512C2C1DD737003491BA /* UIImage + Preload.swift */,
				6636E3D12C23767A00B0AC83 /* KeyedDecodingContainer + Extensions.swift */,
				66A17F402C2A0CE80032767F /* SpinnerDisplayable.swift */,
				66A17F442C2A0E7C0032767F /* ViewValues.swift */,
				66A17F422C2A0D830032767F /* UIView + Extension.swift */,
				66F5C24C2C2CA6D8001FC3A3 /* UIImageView + Utils.swift */,
				66A698472C2DC9A100F0C954 /* String + Extension.swift */,
			);
			name = Utils;
			path = Storage/Utils;
			sourceTree = "<group>";
		};
		664A512F2C1DE706003491BA /* Networking */ = {
			isa = PBXGroup;
			children = (
				667579FA2C34469D00A7DCC9 /* Download */,
				664A51302C1DE716003491BA /* Core */,
				664A514C2C1DFE50003491BA /* Request */,
				664A513D2C1DEEC0003491BA /* Paging */,
				664A514A2C1DFB4C003491BA /* Components */,
			);
			path = Networking;
			sourceTree = "<group>";
		};
		664A51302C1DE716003491BA /* Core */ = {
			isa = PBXGroup;
			children = (
				664A51332C1DE7CD003491BA /* Requestable.swift */,
				66F5C2422C2C9A10001FC3A3 /* ImageDataRequestable.swift */,
				664A51352C1DE804003491BA /* NetworkService.swift */,
				664A51372C1DE831003491BA /* NetworkService + Requestable.swift */,
				66F5C24A2C2CA16F001FC3A3 /* NetworkService + ImageDataRequestable.swift */,
				664A513B2C1DE8A0003491BA /* HTTPResponseStatus.swift */,
				664A51392C1DE87E003491BA /* APIError.swift */,
				667A59972C1EFE4A00FE4985 /* ImageDownloader.swift */,
			);
			path = Core;
			sourceTree = "<group>";
		};
		664A513D2C1DEEC0003491BA /* Paging */ = {
			isa = PBXGroup;
			children = (
				664A513E2C1DEED9003491BA /* Pageable.swift */,
				664A51402C1DEFA4003491BA /* LastPageValidationUseCase.swift */,
			);
			path = Paging;
			sourceTree = "<group>";
		};
		664A514A2C1DFB4C003491BA /* Components */ = {
			isa = PBXGroup;
			children = (
				664A51422C1DFA38003491BA /* HTTPMethod.swift */,
				664A51442C1DFA50003491BA /* API.swift */,
				664A51462C1DFA64003491BA /* Endpoints.swift */,
				664A51482C1DFA7A003491BA /* Authorization.swift */,
			);
			path = Components;
			sourceTree = "<group>";
		};
		664A514C2C1DFE50003491BA /* Request */ = {
			isa = PBXGroup;
			children = (
				664A514D2C1DFE64003491BA /* PrepareParameters.swift */,
				664A514F2C1DFEE8003491BA /* PrepareRequests.swift */,
				664A51512C1DFF61003491BA /* RequestController.swift */,
			);
			path = Request;
			sourceTree = "<group>";
		};
		664A515D2C1E458F003491BA /* Models */ = {
			isa = PBXGroup;
			children = (
				664A515B2C1E458A003491BA /* Photo.swift */,
				660DB6642C317F8800514738 /* Location.swift */,
				66BE9C702C20791B0006011A /* User.swift */,
				665CA9002C28CBE50086B2DB /* Social.swift */,
				66D0824C2C2574F6000574A7 /* PhotoExif.swift */,
				664A515E2C1E46A6003491BA /* SearchPhotos.swift */,
			);
			path = Models;
			sourceTree = "<group>";
		};
		664A51602C1E4CDB003491BA /* PhotoList */ = {
			isa = PBXGroup;
			children = (
				667A598C2C1EF67800FE4985 /* Presentation */,
				664A51612C1E4CFA003491BA /* ViewModel */,
				667A59872C1EE63B00FE4985 /* LoadPhotoListUseCase.swift */,
				667A59892C1EE66A00FE4985 /* LoadPhotoListRepository.swift */,
			);
			path = PhotoList;
			sourceTree = "<group>";
		};
		664A51612C1E4CFA003491BA /* ViewModel */ = {
			isa = PBXGroup;
			children = (
				664A51622C1E4D31003491BA /* PhotoListViewModelProtocol.swift */,
				664A51662C1E4E6F003491BA /* PhotoListViewModel.swift */,
				66F5C2462C2C9ED7001FC3A3 /* PhotoListViewModelItem.swift */,
				664A51642C1E4D68003491BA /* Section.swift */,
			);
			path = ViewModel;
			sourceTree = "<group>";
		};
		664BF2B12BF6472C00C9D29E = {
			isa = PBXGroup;
			children = (
				664BF2BC2BF6472C00C9D29E /* Snjor */,
				664BF2BB2BF6472C00C9D29E /* Products */,
			);
			sourceTree = "<group>";
		};
		664BF2BB2BF6472C00C9D29E /* Products */ = {
			isa = PBXGroup;
			children = (
				664BF2BA2BF6472C00C9D29E /* Snjor.app */,
			);
			name = Products;
			sourceTree = "<group>";
		};
		664BF2BC2BF6472C00C9D29E /* Snjor */ = {
			isa = PBXGroup;
			children = (
				664BF2D22BF64B0C00C9D29E /* AppLifecycle */,
				664A512F2C1DE706003491BA /* Networking */,
				664A51252C1DD3DF003491BA /* Utils */,
				664A511D2C1DCE5B003491BA /* Storage */,
				664BF2DE2BF65BB400C9D29E /* Navigation */,
				664BF2F82BF67DF000C9D29E /* Screens */,
				664BF2FB2BF681DF00C9D29E /* Factories */,
				664BF2EB2BF6632400C9D29E /* Coordinators */,
				664BF2D32BF64B2C00C9D29E /* Resources */,
				664A51532C1E4095003491BA /* BaseViewModel.swift */,
				664A51552C1E40B2003491BA /* StateController.swift */,
				664A51592C1E443E003491BA /* Reusable.swift */,
				667A59912C1EF98300FE4985 /* AppLocalized.swift */,
				664A51572C1E4319003491BA /* MessageDisplayable.swift */,
				664A515D2C1E458F003491BA /* Models */,
			);
			path = Snjor;
			sourceTree = "<group>";
		};
		664BF2D22BF64B0C00C9D29E /* AppLifecycle */ = {
			isa = PBXGroup;
			children = (
				664BF2BD2BF6472C00C9D29E /* AppDelegate.swift */,
				664BF2BF2BF6472C00C9D29E /* SceneDelegate.swift */,
			);
			path = AppLifecycle;
			sourceTree = "<group>";
		};
		664BF2D32BF64B2C00C9D29E /* Resources */ = {
			isa = PBXGroup;
			children = (
				664BF2C62BF6473000C9D29E /* Assets.xcassets */,
				664BF2C82BF6473000C9D29E /* LaunchScreen.storyboard */,
				664BF2CB2BF6473000C9D29E /* Info.plist */,
			);
			name = Resources;
			sourceTree = "<group>";
		};
		664BF2DE2BF65BB400C9D29E /* Navigation */ = {
			isa = PBXGroup;
			children = (
				664A511C2C1CE25B003491BA /* Core */,
				664BF2DF2BF65C5900C9D29E /* Navigation.swift */,
				664BF2E12BF65D0C00C9D29E /* Navigation + Navigable.swift */,
				664BF2E32BF65E4E00C9D29E /* Navigation + UIAdaptivePresentationControllerDelegate.swift */,
				664BF2E52BF65F4400C9D29E /* Navigation + UINavigationControllerDelegate.swift */,
			);
			path = Navigation;
			sourceTree = "<group>";
		};
		664BF2EB2BF6632400C9D29E /* Coordinators */ = {
			isa = PBXGroup;
			children = (
				664BF3002BF6999800C9D29E /* MainTabBarCoordinator.swift */,
				664BF3042BF6AEA300C9D29E /* AppCoordinator.swift */,
				66BE9C652C1F17860006011A /* PhotoListCoordinator.swift */,
				66D082472C24DA4F000574A7 /* PhotoDetailCoordinator.swift */,
			);
			path = Coordinators;
			sourceTree = "<group>";
		};
		664BF2F82BF67DF000C9D29E /* Screens */ = {
			isa = PBXGroup;
			children = (
				665993572C20E11200BA8C85 /* PhotoDetail */,
				664A51602C1E4CDB003491BA /* PhotoList */,
				667A598B2C1EF64300FE4985 /* MainTabBar */,
			);
			path = Screens;
			sourceTree = "<group>";
		};
		664BF2FB2BF681DF00C9D29E /* Factories */ = {
			isa = PBXGroup;
			children = (
				664BF2F92BF67F1A00C9D29E /* TabBarItemFactory.swift */,
				664BF2FC2BF681FA00C9D29E /* MainTabBarFactory.swift */,
				664BF3022BF6AD3900C9D29E /* AppFactory.swift */,
				66BE9C612C1F150F0006011A /* PhotoListFactory.swift */,
				66D082412C24C80E000574A7 /* PhotoDetailFactory.swift */,
			);
			path = Factories;
			sourceTree = "<group>";
		};
		665993572C20E11200BA8C85 /* PhotoDetail */ = {
			isa = PBXGroup;
			children = (
				66A3F3A72C3593BC00F367A4 /* BarButtonVisualEffect */,
				665993582C20E15F00BA8C85 /* PhotoDetailViewController.swift */,
				66A17F3C2C29AC6C0032767F /* ContainerView.swift */,
				66F5C2392C2C57B4001FC3A3 /* UIConst.swift */,
				66D082492C24E1C1000574A7 /* PhotoDetailViewModel.swift */,
				660DB6672C31A36900514738 /* PhotoDetailViewModelItem.swift */,
				66D082432C24D896000574A7 /* PhotoDetailRepository.swift */,
				66D082452C24D8D0000574A7 /* LoadPhotoDetailUseCase.swift */,
			);
			path = PhotoDetail;
			sourceTree = "<group>";
		};
		667579F72C3445C300A7DCC9 /* Model */ = {
			isa = PBXGroup;
			children = (
				667579F82C3445DC00A7DCC9 /* Download.swift */,
			);
			path = Model;
			sourceTree = "<group>";
		};
		667579FA2C34469D00A7DCC9 /* Download */ = {
			isa = PBXGroup;
			children = (
				667579FB2C3446A800A7DCC9 /* DownloadService */,
				667579F72C3445C300A7DCC9 /* Model */,
			);
			path = Download;
			sourceTree = "<group>";
		};
		667579FB2C3446A800A7DCC9 /* DownloadService */ = {
			isa = PBXGroup;
			children = (
				667579FC2C3446CB00A7DCC9 /* DownloadService.swift */,
			);
			path = DownloadService;
			sourceTree = "<group>";
		};
		667A598B2C1EF64300FE4985 /* MainTabBar */ = {
			isa = PBXGroup;
			children = (
				664BF2F62BF67DC000C9D29E /* MainTabBarController.swift */,
				66BE9C672C1FAB370006011A /* MainTabBarConstants.swift */,
			);
			path = MainTabBar;
			sourceTree = "<group>";
		};
		667A598C2C1EF67800FE4985 /* Presentation */ = {
			isa = PBXGroup;
			children = (
				667A598E2C1EF6BA00FE4985 /* Controller */,
				66BE9C5E2C1F10C30006011A /* Layout */,
				667A598D2C1EF69700FE4985 /* View */,
			);
			path = Presentation;
			sourceTree = "<group>";
		};
		667A598D2C1EF69700FE4985 /* View */ = {
			isa = PBXGroup;
			children = (
				66BE9C6E2C2073CF0006011A /* GradientView.swift */,
				667A599B2C1F082900FE4985 /* PhotoCell.swift */,
			);
			path = View;
			sourceTree = "<group>";
		};
		667A598E2C1EF6BA00FE4985 /* Controller */ = {
			isa = PBXGroup;
			children = (
				667A598F2C1EF6F500FE4985 /* PhotoListCollectionViewController.swift */,
				66B0C71E2C261D370074CE5B /* + UICollectionViewDelegate.swift */,
				66BE9C582C1F0E440006011A /* + UIScrollViewDelegate.swift */,
				667A59932C1EF9B400FE4985 /* + MessageDisplayable.swift */,
				66BE9C5F2C1F13C10006011A /* + WaterfallLayoutDelegate.swift */,
			);
			path = Controller;
			sourceTree = "<group>";
		};
		66A3F3A72C3593BC00F367A4 /* BarButtonVisualEffect */ = {
			isa = PBXGroup;
			children = (
				66A3F3A82C3593D300F367A4 /* BarButtonViews.swift */,
				66A3F3AA2C3593EF00F367A4 /* DownloadButtonVisualEffectView.swift */,
				66A3F3AC2C35940200F367A4 /* PauseButtonVisualEffectView.swift */,
				66A3F3AE2C35942C00F367A4 /* ToggleVisualEffectView.swift */,
			);
			path = BarButtonVisualEffect;
			sourceTree = "<group>";
		};
		66BE9C5E2C1F10C30006011A /* Layout */ = {
			isa = PBXGroup;
			children = (
				66BE9C5A2C1F10680006011A /* LayoutConstants.swift */,
				66BE9C5C2C1F10A30006011A /* WaterfallLayout.swift */,
			);
			path = Layout;
			sourceTree = "<group>";
		};
		66F5C23D2C2C985D001FC3A3 /* Storage */ = {
			isa = PBXGroup;
			children = (
				66F5C23E2C2C988B001FC3A3 /* LocalDataImageService.swift */,
				66F5C2402C2C9967001FC3A3 /* ImageDataRepository.swift */,
				66F5C2442C2C9A8E001FC3A3 /* ImageDataUseCase.swift */,
				66F5C2482C2CA0B6001FC3A3 /* AppContainer.swift */,
			);
			path = Storage;
			sourceTree = "<group>";
		};
/* End PBXGroup section */

/* Begin PBXNativeTarget section */
		664BF2B92BF6472C00C9D29E /* Snjor */ = {
			isa = PBXNativeTarget;
			buildConfigurationList = 664BF2CE2BF6473000C9D29E /* Build configuration list for PBXNativeTarget "Snjor" */;
			buildPhases = (
				664BF2B62BF6472C00C9D29E /* Sources */,
				664BF2B72BF6472C00C9D29E /* Frameworks */,
				664BF2B82BF6472C00C9D29E /* Resources */,
				664BF2D12BF649D300C9D29E /* ShellScript */,
			);
			buildRules = (
			);
			dependencies = (
			);
			name = Snjor;
			productName = Snjor;
			productReference = 664BF2BA2BF6472C00C9D29E /* Snjor.app */;
			productType = "com.apple.product-type.application";
		};
/* End PBXNativeTarget section */

/* Begin PBXProject section */
		664BF2B22BF6472C00C9D29E /* Project object */ = {
			isa = PBXProject;
			attributes = {
				BuildIndependentTargetsInParallel = 1;
				LastSwiftUpdateCheck = 1540;
				LastUpgradeCheck = 1540;
				TargetAttributes = {
					664BF2B92BF6472C00C9D29E = {
						CreatedOnToolsVersion = 15.4;
					};
				};
			};
			buildConfigurationList = 664BF2B52BF6472C00C9D29E /* Build configuration list for PBXProject "Snjor" */;
			compatibilityVersion = "Xcode 14.0";
			developmentRegion = en;
			hasScannedForEncodings = 0;
			knownRegions = (
				en,
				Base,
			);
			mainGroup = 664BF2B12BF6472C00C9D29E;
			productRefGroup = 664BF2BB2BF6472C00C9D29E /* Products */;
			projectDirPath = "";
			projectRoot = "";
			targets = (
				664BF2B92BF6472C00C9D29E /* Snjor */,
			);
		};
/* End PBXProject section */

/* Begin PBXResourcesBuildPhase section */
		664BF2B82BF6472C00C9D29E /* Resources */ = {
			isa = PBXResourcesBuildPhase;
			buildActionMask = 2147483647;
			files = (
				664BF2C72BF6473000C9D29E /* Assets.xcassets in Resources */,
				664BF2CA2BF6473000C9D29E /* Base in Resources */,
			);
			runOnlyForDeploymentPostprocessing = 0;
		};
/* End PBXResourcesBuildPhase section */

/* Begin PBXShellScriptBuildPhase section */
		664BF2D12BF649D300C9D29E /* ShellScript */ = {
			isa = PBXShellScriptBuildPhase;
			alwaysOutOfDate = 1;
			buildActionMask = 2147483647;
			files = (
			);
			inputFileListPaths = (
			);
			inputPaths = (
			);
			outputFileListPaths = (
			);
			outputPaths = (
			);
			runOnlyForDeploymentPostprocessing = 0;
			shellPath = /bin/sh;
			shellScript = "# Type a script or drag a script file from your workspace to insert its path.\nPATH=/opt/homebrew/bin:$PATH\nif [ -f ~/com.raywenderlich.swiftlint.yml ]; then\n  if which swiftlint >/dev/null; then\n    swiftlint --no-cache --config ~/com.raywenderlich.swiftlint.yml\n  fi\nfi\n";
		};
/* End PBXShellScriptBuildPhase section */

/* Begin PBXSourcesBuildPhase section */
		664BF2B62BF6472C00C9D29E /* Sources */ = {
			isa = PBXSourcesBuildPhase;
			buildActionMask = 2147483647;
			files = (
				664A515A2C1E443E003491BA /* Reusable.swift in Sources */,
				664A51472C1DFA64003491BA /* Endpoints.swift in Sources */,
				664BF2FA2BF67F1A00C9D29E /* TabBarItemFactory.swift in Sources */,
				66D082482C24DA4F000574A7 /* PhotoDetailCoordinator.swift in Sources */,
				664A51582C1E4319003491BA /* MessageDisplayable.swift in Sources */,
				66D082422C24C80E000574A7 /* PhotoDetailFactory.swift in Sources */,
				664BF2F22BF6676E00C9D29E /* OverlordCoordinator.swift in Sources */,
				664A512D2C1DD737003491BA /* UIImage + Preload.swift in Sources */,
				664A511F2C1DCE6C003491BA /* ImageCache.swift in Sources */,
				667A59902C1EF6F500FE4985 /* PhotoListCollectionViewController.swift in Sources */,
				66BE9C5D2C1F10A30006011A /* WaterfallLayout.swift in Sources */,
				66D082442C24D896000574A7 /* PhotoDetailRepository.swift in Sources */,
				66A17F3D2C29AC6C0032767F /* ContainerView.swift in Sources */,
				664A513F2C1DEED9003491BA /* Pageable.swift in Sources */,
				664A51522C1DFF61003491BA /* RequestController.swift in Sources */,
				664A51412C1DEFA4003491BA /* LastPageValidationUseCase.swift in Sources */,
				66F5C2432C2C9A10001FC3A3 /* ImageDataRequestable.swift in Sources */,
				667579FD2C3446CB00A7DCC9 /* DownloadService.swift in Sources */,
				66A3F3AD2C35940200F367A4 /* PauseButtonVisualEffectView.swift in Sources */,
				66F5C2492C2CA0B6001FC3A3 /* AppContainer.swift in Sources */,
				66BE9C602C1F13C10006011A /* + WaterfallLayoutDelegate.swift in Sources */,
				66B0C71F2C261D370074CE5B /* + UICollectionViewDelegate.swift in Sources */,
				66F5C2452C2C9A8E001FC3A3 /* ImageDataUseCase.swift in Sources */,
				66F5C23A2C2C57B4001FC3A3 /* UIConst.swift in Sources */,
				664A51452C1DFA50003491BA /* API.swift in Sources */,
				66A3F3A92C3593D300F367A4 /* BarButtonViews.swift in Sources */,
				664A51382C1DE831003491BA /* NetworkService + Requestable.swift in Sources */,
				66D0824A2C24E1C1000574A7 /* PhotoDetailViewModel.swift in Sources */,
				660DB6682C31A36900514738 /* PhotoDetailViewModelItem.swift in Sources */,
				660DB6652C317F8800514738 /* Location.swift in Sources */,
				66A17F432C2A0D830032767F /* UIView + Extension.swift in Sources */,
				66BE9C662C1F17870006011A /* PhotoListCoordinator.swift in Sources */,
				66F5C23F2C2C988B001FC3A3 /* LocalDataImageService.swift in Sources */,
				66F5C24B2C2CA16F001FC3A3 /* NetworkService + ImageDataRequestable.swift in Sources */,
				664A515C2C1E458A003491BA /* Photo.swift in Sources */,
				664A51672C1E4E6F003491BA /* PhotoListViewModel.swift in Sources */,
				665993592C20E15F00BA8C85 /* PhotoDetailViewController.swift in Sources */,
				664A51492C1DFA7A003491BA /* Authorization.swift in Sources */,
				664A515F2C1E46A6003491BA /* SearchPhotos.swift in Sources */,
				664BF2F72BF67DC000C9D29E /* MainTabBarController.swift in Sources */,
				664A513C2C1DE8A0003491BA /* HTTPResponseStatus.swift in Sources */,
				664A51342C1DE7CD003491BA /* Requestable.swift in Sources */,
				664BF3052BF6AEA300C9D29E /* AppCoordinator.swift in Sources */,
				66BE9C622C1F150F0006011A /* PhotoListFactory.swift in Sources */,
				66A698482C2DC9A100F0C954 /* String + Extension.swift in Sources */,
				66F5C2472C2C9ED7001FC3A3 /* PhotoListViewModelItem.swift in Sources */,
				66BE9C712C20791B0006011A /* User.swift in Sources */,
				664BF2BE2BF6472C00C9D29E /* AppDelegate.swift in Sources */,
				66BE9C6F2C2073CF0006011A /* GradientView.swift in Sources */,
				664BF2E42BF65E4E00C9D29E /* Navigation + UIAdaptivePresentationControllerDelegate.swift in Sources */,
				664A51272C1DD3FB003491BA /* UIImage + BlurHash.swift in Sources */,
				664A51632C1E4D31003491BA /* PhotoListViewModelProtocol.swift in Sources */,
				6636E3D22C23767A00B0AC83 /* KeyedDecodingContainer + Extensions.swift in Sources */,
				66BE9C592C1F0E450006011A /* + UIScrollViewDelegate.swift in Sources */,
				665CA9012C28CBE50086B2DB /* Social.swift in Sources */,
				667A599C2C1F082900FE4985 /* PhotoCell.swift in Sources */,
				664A513A2C1DE87E003491BA /* APIError.swift in Sources */,
				664A51542C1E4095003491BA /* BaseViewModel.swift in Sources */,
				66A17F452C2A0E7C0032767F /* ViewValues.swift in Sources */,
				66F5C2412C2C9967001FC3A3 /* ImageDataRepository.swift in Sources */,
				664BF2E02BF65C5900C9D29E /* Navigation.swift in Sources */,
				66BE9C5B2C1F10680006011A /* LayoutConstants.swift in Sources */,
				667579F92C3445DC00A7DCC9 /* Download.swift in Sources */,
				664BF2FD2BF681FA00C9D29E /* MainTabBarFactory.swift in Sources */,
				66A3F3AF2C35942C00F367A4 /* ToggleVisualEffectView.swift in Sources */,
				664BF2E62BF65F4400C9D29E /* Navigation + UINavigationControllerDelegate.swift in Sources */,
				66A3F3AB2C3593EF00F367A4 /* DownloadButtonVisualEffectView.swift in Sources */,
				66A17F412C2A0CE80032767F /* SpinnerDisplayable.swift in Sources */,
				664A51362C1DE804003491BA /* NetworkService.swift in Sources */,
				664BF3032BF6AD3900C9D29E /* AppFactory.swift in Sources */,
				664BF3012BF6999800C9D29E /* MainTabBarCoordinator.swift in Sources */,
				664BF2EE2BF6634500C9D29E /* Coordinatable.swift in Sources */,
				667A59982C1EFE4A00FE4985 /* ImageDownloader.swift in Sources */,
				664BF2E22BF65D0C00C9D29E /* Navigation + Navigable.swift in Sources */,
				66BE9C682C1FAB370006011A /* MainTabBarConstants.swift in Sources */,
				664A51432C1DFA38003491BA /* HTTPMethod.swift in Sources */,
				664A51562C1E40B2003491BA /* StateController.swift in Sources */,
				667A59942C1EF9B400FE4985 /* + MessageDisplayable.swift in Sources */,
				667A59922C1EF98300FE4985 /* AppLocalized.swift in Sources */,
				664A51502C1DFEE8003491BA /* PrepareRequests.swift in Sources */,
				664A514E2C1DFE64003491BA /* PrepareParameters.swift in Sources */,
				664A512B2C1DD5D9003491BA /* UIColor + Extensions.swift in Sources */,
				664A51652C1E4D68003491BA /* Section.swift in Sources */,
				664BF2C02BF6472C00C9D29E /* SceneDelegate.swift in Sources */,
				667A59882C1EE63C00FE4985 /* LoadPhotoListUseCase.swift in Sources */,
				66D082462C24D8D0000574A7 /* LoadPhotoDetailUseCase.swift in Sources */,
				66F5C24D2C2CA6D8001FC3A3 /* UIImageView + Utils.swift in Sources */,
				667A598A2C1EE66A00FE4985 /* LoadPhotoListRepository.swift in Sources */,
				664BF2DC2BF65B9B00C9D29E /* Navigable.swift in Sources */,
				66D0824D2C2574F6000574A7 /* PhotoExif.swift in Sources */,
			);
			runOnlyForDeploymentPostprocessing = 0;
		};
/* End PBXSourcesBuildPhase section */

/* Begin PBXVariantGroup section */
		664BF2C82BF6473000C9D29E /* LaunchScreen.storyboard */ = {
			isa = PBXVariantGroup;
			children = (
				664BF2C92BF6473000C9D29E /* Base */,
			);
			name = LaunchScreen.storyboard;
			sourceTree = "<group>";
		};
/* End PBXVariantGroup section */

/* Begin XCBuildConfiguration section */
		664BF2CC2BF6473000C9D29E /* Debug */ = {
			isa = XCBuildConfiguration;
			buildSettings = {
				ALWAYS_SEARCH_USER_PATHS = NO;
				ASSETCATALOG_COMPILER_GENERATE_SWIFT_ASSET_SYMBOL_EXTENSIONS = YES;
				CLANG_ANALYZER_NONNULL = YES;
				CLANG_ANALYZER_NUMBER_OBJECT_CONVERSION = YES_AGGRESSIVE;
				CLANG_CXX_LANGUAGE_STANDARD = "gnu++20";
				CLANG_ENABLE_MODULES = YES;
				CLANG_ENABLE_OBJC_ARC = YES;
				CLANG_ENABLE_OBJC_WEAK = YES;
				CLANG_WARN_BLOCK_CAPTURE_AUTORELEASING = YES;
				CLANG_WARN_BOOL_CONVERSION = YES;
				CLANG_WARN_COMMA = YES;
				CLANG_WARN_CONSTANT_CONVERSION = YES;
				CLANG_WARN_DEPRECATED_OBJC_IMPLEMENTATIONS = YES;
				CLANG_WARN_DIRECT_OBJC_ISA_USAGE = YES_ERROR;
				CLANG_WARN_DOCUMENTATION_COMMENTS = YES;
				CLANG_WARN_EMPTY_BODY = YES;
				CLANG_WARN_ENUM_CONVERSION = YES;
				CLANG_WARN_INFINITE_RECURSION = YES;
				CLANG_WARN_INT_CONVERSION = YES;
				CLANG_WARN_NON_LITERAL_NULL_CONVERSION = YES;
				CLANG_WARN_OBJC_IMPLICIT_RETAIN_SELF = YES;
				CLANG_WARN_OBJC_LITERAL_CONVERSION = YES;
				CLANG_WARN_OBJC_ROOT_CLASS = YES_ERROR;
				CLANG_WARN_QUOTED_INCLUDE_IN_FRAMEWORK_HEADER = YES;
				CLANG_WARN_RANGE_LOOP_ANALYSIS = YES;
				CLANG_WARN_STRICT_PROTOTYPES = YES;
				CLANG_WARN_SUSPICIOUS_MOVE = YES;
				CLANG_WARN_UNGUARDED_AVAILABILITY = YES_AGGRESSIVE;
				CLANG_WARN_UNREACHABLE_CODE = YES;
				CLANG_WARN__DUPLICATE_METHOD_MATCH = YES;
				COPY_PHASE_STRIP = NO;
				DEBUG_INFORMATION_FORMAT = dwarf;
				ENABLE_STRICT_OBJC_MSGSEND = YES;
				ENABLE_TESTABILITY = YES;
				ENABLE_USER_SCRIPT_SANDBOXING = NO;
				GCC_C_LANGUAGE_STANDARD = gnu17;
				GCC_DYNAMIC_NO_PIC = NO;
				GCC_NO_COMMON_BLOCKS = YES;
				GCC_OPTIMIZATION_LEVEL = 0;
				GCC_PREPROCESSOR_DEFINITIONS = (
					"DEBUG=1",
					"$(inherited)",
				);
				GCC_WARN_64_TO_32_BIT_CONVERSION = YES;
				GCC_WARN_ABOUT_RETURN_TYPE = YES_ERROR;
				GCC_WARN_UNDECLARED_SELECTOR = YES;
				GCC_WARN_UNINITIALIZED_AUTOS = YES_AGGRESSIVE;
				GCC_WARN_UNUSED_FUNCTION = YES;
				GCC_WARN_UNUSED_VARIABLE = YES;
				IPHONEOS_DEPLOYMENT_TARGET = 15.0;
				LOCALIZATION_PREFERS_STRING_CATALOGS = YES;
				MTL_ENABLE_DEBUG_INFO = INCLUDE_SOURCE;
				MTL_FAST_MATH = YES;
				ONLY_ACTIVE_ARCH = YES;
				SDKROOT = iphoneos;
				SWIFT_ACTIVE_COMPILATION_CONDITIONS = "DEBUG $(inherited)";
				SWIFT_OPTIMIZATION_LEVEL = "-Onone";
			};
			name = Debug;
		};
		664BF2CD2BF6473000C9D29E /* Release */ = {
			isa = XCBuildConfiguration;
			buildSettings = {
				ALWAYS_SEARCH_USER_PATHS = NO;
				ASSETCATALOG_COMPILER_GENERATE_SWIFT_ASSET_SYMBOL_EXTENSIONS = YES;
				CLANG_ANALYZER_NONNULL = YES;
				CLANG_ANALYZER_NUMBER_OBJECT_CONVERSION = YES_AGGRESSIVE;
				CLANG_CXX_LANGUAGE_STANDARD = "gnu++20";
				CLANG_ENABLE_MODULES = YES;
				CLANG_ENABLE_OBJC_ARC = YES;
				CLANG_ENABLE_OBJC_WEAK = YES;
				CLANG_WARN_BLOCK_CAPTURE_AUTORELEASING = YES;
				CLANG_WARN_BOOL_CONVERSION = YES;
				CLANG_WARN_COMMA = YES;
				CLANG_WARN_CONSTANT_CONVERSION = YES;
				CLANG_WARN_DEPRECATED_OBJC_IMPLEMENTATIONS = YES;
				CLANG_WARN_DIRECT_OBJC_ISA_USAGE = YES_ERROR;
				CLANG_WARN_DOCUMENTATION_COMMENTS = YES;
				CLANG_WARN_EMPTY_BODY = YES;
				CLANG_WARN_ENUM_CONVERSION = YES;
				CLANG_WARN_INFINITE_RECURSION = YES;
				CLANG_WARN_INT_CONVERSION = YES;
				CLANG_WARN_NON_LITERAL_NULL_CONVERSION = YES;
				CLANG_WARN_OBJC_IMPLICIT_RETAIN_SELF = YES;
				CLANG_WARN_OBJC_LITERAL_CONVERSION = YES;
				CLANG_WARN_OBJC_ROOT_CLASS = YES_ERROR;
				CLANG_WARN_QUOTED_INCLUDE_IN_FRAMEWORK_HEADER = YES;
				CLANG_WARN_RANGE_LOOP_ANALYSIS = YES;
				CLANG_WARN_STRICT_PROTOTYPES = YES;
				CLANG_WARN_SUSPICIOUS_MOVE = YES;
				CLANG_WARN_UNGUARDED_AVAILABILITY = YES_AGGRESSIVE;
				CLANG_WARN_UNREACHABLE_CODE = YES;
				CLANG_WARN__DUPLICATE_METHOD_MATCH = YES;
				COPY_PHASE_STRIP = NO;
				DEBUG_INFORMATION_FORMAT = "dwarf-with-dsym";
				ENABLE_NS_ASSERTIONS = NO;
				ENABLE_STRICT_OBJC_MSGSEND = YES;
				ENABLE_USER_SCRIPT_SANDBOXING = YES;
				GCC_C_LANGUAGE_STANDARD = gnu17;
				GCC_NO_COMMON_BLOCKS = YES;
				GCC_WARN_64_TO_32_BIT_CONVERSION = YES;
				GCC_WARN_ABOUT_RETURN_TYPE = YES_ERROR;
				GCC_WARN_UNDECLARED_SELECTOR = YES;
				GCC_WARN_UNINITIALIZED_AUTOS = YES_AGGRESSIVE;
				GCC_WARN_UNUSED_FUNCTION = YES;
				GCC_WARN_UNUSED_VARIABLE = YES;
				IPHONEOS_DEPLOYMENT_TARGET = 15.0;
				LOCALIZATION_PREFERS_STRING_CATALOGS = YES;
				MTL_ENABLE_DEBUG_INFO = NO;
				MTL_FAST_MATH = YES;
				SDKROOT = iphoneos;
				SWIFT_COMPILATION_MODE = wholemodule;
				VALIDATE_PRODUCT = YES;
			};
			name = Release;
		};
		664BF2CF2BF6473000C9D29E /* Debug */ = {
			isa = XCBuildConfiguration;
			buildSettings = {
				ASSETCATALOG_COMPILER_APPICON_NAME = AppIcon;
				ASSETCATALOG_COMPILER_GLOBAL_ACCENT_COLOR_NAME = AccentColor;
				CODE_SIGN_STYLE = Automatic;
				CURRENT_PROJECT_VERSION = 1;
				DEVELOPMENT_TEAM = A62Q8AU4X8;
				GENERATE_INFOPLIST_FILE = YES;
				INFOPLIST_FILE = Snjor/Info.plist;
				INFOPLIST_KEY_UIApplicationSupportsIndirectInputEvents = YES;
				INFOPLIST_KEY_UILaunchStoryboardName = LaunchScreen;
				INFOPLIST_KEY_UISupportedInterfaceOrientations = UIInterfaceOrientationPortrait;
				LD_RUNPATH_SEARCH_PATHS = (
					"$(inherited)",
					"@executable_path/Frameworks",
				);
				MARKETING_VERSION = 1.0;
				PRODUCT_BUNDLE_IDENTIFIER = com.mirzakanov.Snjor;
				PRODUCT_NAME = "$(TARGET_NAME)";
				SUPPORTED_PLATFORMS = "iphoneos iphonesimulator";
				SUPPORTS_MACCATALYST = NO;
				SUPPORTS_MAC_DESIGNED_FOR_IPHONE_IPAD = NO;
				SUPPORTS_XR_DESIGNED_FOR_IPHONE_IPAD = NO;
				SWIFT_EMIT_LOC_STRINGS = YES;
				SWIFT_VERSION = 5.0;
				TARGETED_DEVICE_FAMILY = "1,2";
			};
			name = Debug;
		};
		664BF2D02BF6473000C9D29E /* Release */ = {
			isa = XCBuildConfiguration;
			buildSettings = {
				ASSETCATALOG_COMPILER_APPICON_NAME = AppIcon;
				ASSETCATALOG_COMPILER_GLOBAL_ACCENT_COLOR_NAME = AccentColor;
				CODE_SIGN_STYLE = Automatic;
				CURRENT_PROJECT_VERSION = 1;
				DEVELOPMENT_TEAM = A62Q8AU4X8;
				GENERATE_INFOPLIST_FILE = YES;
				INFOPLIST_FILE = Snjor/Info.plist;
				INFOPLIST_KEY_UIApplicationSupportsIndirectInputEvents = YES;
				INFOPLIST_KEY_UILaunchStoryboardName = LaunchScreen;
				INFOPLIST_KEY_UISupportedInterfaceOrientations = UIInterfaceOrientationPortrait;
				LD_RUNPATH_SEARCH_PATHS = (
					"$(inherited)",
					"@executable_path/Frameworks",
				);
				MARKETING_VERSION = 1.0;
				PRODUCT_BUNDLE_IDENTIFIER = com.mirzakanov.Snjor;
				PRODUCT_NAME = "$(TARGET_NAME)";
				SUPPORTED_PLATFORMS = "iphoneos iphonesimulator";
				SUPPORTS_MACCATALYST = NO;
				SUPPORTS_MAC_DESIGNED_FOR_IPHONE_IPAD = NO;
				SUPPORTS_XR_DESIGNED_FOR_IPHONE_IPAD = NO;
				SWIFT_EMIT_LOC_STRINGS = YES;
				SWIFT_VERSION = 5.0;
				TARGETED_DEVICE_FAMILY = "1,2";
			};
			name = Release;
		};
/* End XCBuildConfiguration section */

/* Begin XCConfigurationList section */
		664BF2B52BF6472C00C9D29E /* Build configuration list for PBXProject "Snjor" */ = {
			isa = XCConfigurationList;
			buildConfigurations = (
				664BF2CC2BF6473000C9D29E /* Debug */,
				664BF2CD2BF6473000C9D29E /* Release */,
			);
			defaultConfigurationIsVisible = 0;
			defaultConfigurationName = Release;
		};
		664BF2CE2BF6473000C9D29E /* Build configuration list for PBXNativeTarget "Snjor" */ = {
			isa = XCConfigurationList;
			buildConfigurations = (
				664BF2CF2BF6473000C9D29E /* Debug */,
				664BF2D02BF6473000C9D29E /* Release */,
			);
			defaultConfigurationIsVisible = 0;
			defaultConfigurationName = Release;
		};
/* End XCConfigurationList section */
	};
	rootObject = 664BF2B22BF6472C00C9D29E /* Project object */;
}
