// !$*UTF8*$!
{
	archiveVersion = 1;
	classes = {
	};
	objectVersion = 56;
	objects = {

/* Begin PBXBuildFile section */
		664A511F2C1DCE6C003491BA /* ImageCache.swift in Sources */ = {isa = PBXBuildFile; fileRef = 664A511E2C1DCE6C003491BA /* ImageCache.swift */; };
		664A51272C1DD3FB003491BA /* UIImage + BlurHash.swift in Sources */ = {isa = PBXBuildFile; fileRef = 664A51262C1DD3FB003491BA /* UIImage + BlurHash.swift */; };
		664A512B2C1DD5D9003491BA /* UIColor + Extensions.swift in Sources */ = {isa = PBXBuildFile; fileRef = 664A512A2C1DD5D9003491BA /* UIColor + Extensions.swift */; };
		664A512D2C1DD737003491BA /* UIImage + Preload.swift in Sources */ = {isa = PBXBuildFile; fileRef = 664A512C2C1DD737003491BA /* UIImage + Preload.swift */; };
		664A51342C1DE7CD003491BA /* Requestable.swift in Sources */ = {isa = PBXBuildFile; fileRef = 664A51332C1DE7CD003491BA /* Requestable.swift */; };
		664A51362C1DE804003491BA /* NetworkService.swift in Sources */ = {isa = PBXBuildFile; fileRef = 664A51352C1DE804003491BA /* NetworkService.swift */; };
		664A51382C1DE831003491BA /* NetworkService + Requestable.swift in Sources */ = {isa = PBXBuildFile; fileRef = 664A51372C1DE831003491BA /* NetworkService + Requestable.swift */; };
		664A513A2C1DE87E003491BA /* APIError.swift in Sources */ = {isa = PBXBuildFile; fileRef = 664A51392C1DE87E003491BA /* APIError.swift */; };
		664A513C2C1DE8A0003491BA /* HTTPResponseStatus.swift in Sources */ = {isa = PBXBuildFile; fileRef = 664A513B2C1DE8A0003491BA /* HTTPResponseStatus.swift */; };
		664A513F2C1DEED9003491BA /* Pageable.swift in Sources */ = {isa = PBXBuildFile; fileRef = 664A513E2C1DEED9003491BA /* Pageable.swift */; };
		664A51412C1DEFA4003491BA /* PagingGenerator.swift in Sources */ = {isa = PBXBuildFile; fileRef = 664A51402C1DEFA4003491BA /* PagingGenerator.swift */; };
		664A51432C1DFA38003491BA /* HTTPMethod.swift in Sources */ = {isa = PBXBuildFile; fileRef = 664A51422C1DFA38003491BA /* HTTPMethod.swift */; };
		664A51452C1DFA50003491BA /* API.swift in Sources */ = {isa = PBXBuildFile; fileRef = 664A51442C1DFA50003491BA /* API.swift */; };
		664A51472C1DFA64003491BA /* Endpoints.swift in Sources */ = {isa = PBXBuildFile; fileRef = 664A51462C1DFA64003491BA /* Endpoints.swift */; };
		664A51492C1DFA7A003491BA /* Authorization.swift in Sources */ = {isa = PBXBuildFile; fileRef = 664A51482C1DFA7A003491BA /* Authorization.swift */; };
		664A514E2C1DFE64003491BA /* PrepareParameters.swift in Sources */ = {isa = PBXBuildFile; fileRef = 664A514D2C1DFE64003491BA /* PrepareParameters.swift */; };
		664A51502C1DFEE8003491BA /* PrepareRequests.swift in Sources */ = {isa = PBXBuildFile; fileRef = 664A514F2C1DFEE8003491BA /* PrepareRequests.swift */; };
		664A51522C1DFF61003491BA /* RequestController.swift in Sources */ = {isa = PBXBuildFile; fileRef = 664A51512C1DFF61003491BA /* RequestController.swift */; };
		664A51542C1E4095003491BA /* BaseViewModel.swift in Sources */ = {isa = PBXBuildFile; fileRef = 664A51532C1E4095003491BA /* BaseViewModel.swift */; };
		664A51562C1E40B2003491BA /* StateController.swift in Sources */ = {isa = PBXBuildFile; fileRef = 664A51552C1E40B2003491BA /* StateController.swift */; };
		664A51582C1E4319003491BA /* MessageDisplayable.swift in Sources */ = {isa = PBXBuildFile; fileRef = 664A51572C1E4319003491BA /* MessageDisplayable.swift */; };
		664A515A2C1E443E003491BA /* Reusable.swift in Sources */ = {isa = PBXBuildFile; fileRef = 664A51592C1E443E003491BA /* Reusable.swift */; };
		664BF2BE2BF6472C00C9D29E /* AppDelegate.swift in Sources */ = {isa = PBXBuildFile; fileRef = 664BF2BD2BF6472C00C9D29E /* AppDelegate.swift */; };
		664BF2C02BF6472C00C9D29E /* SceneDelegate.swift in Sources */ = {isa = PBXBuildFile; fileRef = 664BF2BF2BF6472C00C9D29E /* SceneDelegate.swift */; };
		664BF2C72BF6473000C9D29E /* Assets.xcassets in Resources */ = {isa = PBXBuildFile; fileRef = 664BF2C62BF6473000C9D29E /* Assets.xcassets */; };
		664BF2CA2BF6473000C9D29E /* Base in Resources */ = {isa = PBXBuildFile; fileRef = 664BF2C92BF6473000C9D29E /* Base */; };
		664BF2DC2BF65B9B00C9D29E /* Navigable.swift in Sources */ = {isa = PBXBuildFile; fileRef = 664BF2DB2BF65B9B00C9D29E /* Navigable.swift */; };
		664BF2E02BF65C5900C9D29E /* Navigation.swift in Sources */ = {isa = PBXBuildFile; fileRef = 664BF2DF2BF65C5900C9D29E /* Navigation.swift */; };
		664BF2E22BF65D0C00C9D29E /* Navigation + Navigable.swift in Sources */ = {isa = PBXBuildFile; fileRef = 664BF2E12BF65D0C00C9D29E /* Navigation + Navigable.swift */; };
		664BF2E42BF65E4E00C9D29E /* Navigation + UIAdaptivePresentationControllerDelegate.swift in Sources */ = {isa = PBXBuildFile; fileRef = 664BF2E32BF65E4E00C9D29E /* Navigation + UIAdaptivePresentationControllerDelegate.swift */; };
		664BF2E62BF65F4400C9D29E /* Navigation + UINavigationControllerDelegate.swift in Sources */ = {isa = PBXBuildFile; fileRef = 664BF2E52BF65F4400C9D29E /* Navigation + UINavigationControllerDelegate.swift */; };
		664BF2EE2BF6634500C9D29E /* Coordinatable.swift in Sources */ = {isa = PBXBuildFile; fileRef = 664BF2ED2BF6634500C9D29E /* Coordinatable.swift */; };
		664BF2F22BF6676E00C9D29E /* OverlordCoordinator.swift in Sources */ = {isa = PBXBuildFile; fileRef = 664BF2F12BF6676E00C9D29E /* OverlordCoordinator.swift */; };
		664BF2F72BF67DC000C9D29E /* MainTabBarController.swift in Sources */ = {isa = PBXBuildFile; fileRef = 664BF2F62BF67DC000C9D29E /* MainTabBarController.swift */; };
		664BF2FA2BF67F1A00C9D29E /* TabBarItemFactory.swift in Sources */ = {isa = PBXBuildFile; fileRef = 664BF2F92BF67F1A00C9D29E /* TabBarItemFactory.swift */; };
		664BF2FD2BF681FA00C9D29E /* MainTabBarFactory.swift in Sources */ = {isa = PBXBuildFile; fileRef = 664BF2FC2BF681FA00C9D29E /* MainTabBarFactory.swift */; };
		664BF3012BF6999800C9D29E /* MainTabBarCoordinator.swift in Sources */ = {isa = PBXBuildFile; fileRef = 664BF3002BF6999800C9D29E /* MainTabBarCoordinator.swift */; };
		664BF3032BF6AD3900C9D29E /* AppFactory.swift in Sources */ = {isa = PBXBuildFile; fileRef = 664BF3022BF6AD3900C9D29E /* AppFactory.swift */; };
		664BF3052BF6AEA300C9D29E /* AppCoordinator.swift in Sources */ = {isa = PBXBuildFile; fileRef = 664BF3042BF6AEA300C9D29E /* AppCoordinator.swift */; };
/* End PBXBuildFile section */

/* Begin PBXFileReference section */
		664A511E2C1DCE6C003491BA /* ImageCache.swift */ = {isa = PBXFileReference; lastKnownFileType = sourcecode.swift; path = ImageCache.swift; sourceTree = "<group>"; };
		664A51262C1DD3FB003491BA /* UIImage + BlurHash.swift */ = {isa = PBXFileReference; lastKnownFileType = sourcecode.swift; path = "UIImage + BlurHash.swift"; sourceTree = "<group>"; };
		664A512A2C1DD5D9003491BA /* UIColor + Extensions.swift */ = {isa = PBXFileReference; lastKnownFileType = sourcecode.swift; path = "UIColor + Extensions.swift"; sourceTree = "<group>"; };
		664A512C2C1DD737003491BA /* UIImage + Preload.swift */ = {isa = PBXFileReference; lastKnownFileType = sourcecode.swift; path = "UIImage + Preload.swift"; sourceTree = "<group>"; };
		664A51332C1DE7CD003491BA /* Requestable.swift */ = {isa = PBXFileReference; lastKnownFileType = sourcecode.swift; path = Requestable.swift; sourceTree = "<group>"; };
		664A51352C1DE804003491BA /* NetworkService.swift */ = {isa = PBXFileReference; lastKnownFileType = sourcecode.swift; path = NetworkService.swift; sourceTree = "<group>"; };
		664A51372C1DE831003491BA /* NetworkService + Requestable.swift */ = {isa = PBXFileReference; lastKnownFileType = sourcecode.swift; path = "NetworkService + Requestable.swift"; sourceTree = "<group>"; };
		664A51392C1DE87E003491BA /* APIError.swift */ = {isa = PBXFileReference; lastKnownFileType = sourcecode.swift; path = APIError.swift; sourceTree = "<group>"; };
		664A513B2C1DE8A0003491BA /* HTTPResponseStatus.swift */ = {isa = PBXFileReference; lastKnownFileType = sourcecode.swift; path = HTTPResponseStatus.swift; sourceTree = "<group>"; };
		664A513E2C1DEED9003491BA /* Pageable.swift */ = {isa = PBXFileReference; lastKnownFileType = sourcecode.swift; path = Pageable.swift; sourceTree = "<group>"; };
		664A51402C1DEFA4003491BA /* PagingGenerator.swift */ = {isa = PBXFileReference; lastKnownFileType = sourcecode.swift; path = PagingGenerator.swift; sourceTree = "<group>"; };
		664A51422C1DFA38003491BA /* HTTPMethod.swift */ = {isa = PBXFileReference; lastKnownFileType = sourcecode.swift; path = HTTPMethod.swift; sourceTree = "<group>"; };
		664A51442C1DFA50003491BA /* API.swift */ = {isa = PBXFileReference; lastKnownFileType = sourcecode.swift; path = API.swift; sourceTree = "<group>"; };
		664A51462C1DFA64003491BA /* Endpoints.swift */ = {isa = PBXFileReference; lastKnownFileType = sourcecode.swift; path = Endpoints.swift; sourceTree = "<group>"; };
		664A51482C1DFA7A003491BA /* Authorization.swift */ = {isa = PBXFileReference; lastKnownFileType = sourcecode.swift; path = Authorization.swift; sourceTree = "<group>"; };
		664A514D2C1DFE64003491BA /* PrepareParameters.swift */ = {isa = PBXFileReference; lastKnownFileType = sourcecode.swift; path = PrepareParameters.swift; sourceTree = "<group>"; };
		664A514F2C1DFEE8003491BA /* PrepareRequests.swift */ = {isa = PBXFileReference; lastKnownFileType = sourcecode.swift; path = PrepareRequests.swift; sourceTree = "<group>"; };
		664A51512C1DFF61003491BA /* RequestController.swift */ = {isa = PBXFileReference; lastKnownFileType = sourcecode.swift; path = RequestController.swift; sourceTree = "<group>"; };
		664A51532C1E4095003491BA /* BaseViewModel.swift */ = {isa = PBXFileReference; lastKnownFileType = sourcecode.swift; path = BaseViewModel.swift; sourceTree = "<group>"; };
		664A51552C1E40B2003491BA /* StateController.swift */ = {isa = PBXFileReference; lastKnownFileType = sourcecode.swift; path = StateController.swift; sourceTree = "<group>"; };
		664A51572C1E4319003491BA /* MessageDisplayable.swift */ = {isa = PBXFileReference; lastKnownFileType = sourcecode.swift; path = MessageDisplayable.swift; sourceTree = "<group>"; };
		664A51592C1E443E003491BA /* Reusable.swift */ = {isa = PBXFileReference; lastKnownFileType = sourcecode.swift; path = Reusable.swift; sourceTree = "<group>"; };
		664BF2BA2BF6472C00C9D29E /* Snjor.app */ = {isa = PBXFileReference; explicitFileType = wrapper.application; includeInIndex = 0; path = Snjor.app; sourceTree = BUILT_PRODUCTS_DIR; };
		664BF2BD2BF6472C00C9D29E /* AppDelegate.swift */ = {isa = PBXFileReference; lastKnownFileType = sourcecode.swift; path = AppDelegate.swift; sourceTree = "<group>"; };
		664BF2BF2BF6472C00C9D29E /* SceneDelegate.swift */ = {isa = PBXFileReference; lastKnownFileType = sourcecode.swift; path = SceneDelegate.swift; sourceTree = "<group>"; };
		664BF2C62BF6473000C9D29E /* Assets.xcassets */ = {isa = PBXFileReference; lastKnownFileType = folder.assetcatalog; path = Assets.xcassets; sourceTree = "<group>"; };
		664BF2C92BF6473000C9D29E /* Base */ = {isa = PBXFileReference; lastKnownFileType = file.storyboard; name = Base; path = Base.lproj/LaunchScreen.storyboard; sourceTree = "<group>"; };
		664BF2CB2BF6473000C9D29E /* Info.plist */ = {isa = PBXFileReference; lastKnownFileType = text.plist.xml; path = Info.plist; sourceTree = "<group>"; };
		664BF2DB2BF65B9B00C9D29E /* Navigable.swift */ = {isa = PBXFileReference; lastKnownFileType = sourcecode.swift; path = Navigable.swift; sourceTree = "<group>"; };
		664BF2DF2BF65C5900C9D29E /* Navigation.swift */ = {isa = PBXFileReference; lastKnownFileType = sourcecode.swift; path = Navigation.swift; sourceTree = "<group>"; };
		664BF2E12BF65D0C00C9D29E /* Navigation + Navigable.swift */ = {isa = PBXFileReference; lastKnownFileType = sourcecode.swift; path = "Navigation + Navigable.swift"; sourceTree = "<group>"; };
		664BF2E32BF65E4E00C9D29E /* Navigation + UIAdaptivePresentationControllerDelegate.swift */ = {isa = PBXFileReference; lastKnownFileType = sourcecode.swift; path = "Navigation + UIAdaptivePresentationControllerDelegate.swift"; sourceTree = "<group>"; };
		664BF2E52BF65F4400C9D29E /* Navigation + UINavigationControllerDelegate.swift */ = {isa = PBXFileReference; lastKnownFileType = sourcecode.swift; path = "Navigation + UINavigationControllerDelegate.swift"; sourceTree = "<group>"; };
		664BF2ED2BF6634500C9D29E /* Coordinatable.swift */ = {isa = PBXFileReference; lastKnownFileType = sourcecode.swift; path = Coordinatable.swift; sourceTree = "<group>"; };
		664BF2F12BF6676E00C9D29E /* OverlordCoordinator.swift */ = {isa = PBXFileReference; lastKnownFileType = sourcecode.swift; path = OverlordCoordinator.swift; sourceTree = "<group>"; };
		664BF2F62BF67DC000C9D29E /* MainTabBarController.swift */ = {isa = PBXFileReference; lastKnownFileType = sourcecode.swift; path = MainTabBarController.swift; sourceTree = "<group>"; };
		664BF2F92BF67F1A00C9D29E /* TabBarItemFactory.swift */ = {isa = PBXFileReference; lastKnownFileType = sourcecode.swift; path = TabBarItemFactory.swift; sourceTree = "<group>"; };
		664BF2FC2BF681FA00C9D29E /* MainTabBarFactory.swift */ = {isa = PBXFileReference; lastKnownFileType = sourcecode.swift; path = MainTabBarFactory.swift; sourceTree = "<group>"; };
		664BF3002BF6999800C9D29E /* MainTabBarCoordinator.swift */ = {isa = PBXFileReference; lastKnownFileType = sourcecode.swift; path = MainTabBarCoordinator.swift; sourceTree = "<group>"; };
		664BF3022BF6AD3900C9D29E /* AppFactory.swift */ = {isa = PBXFileReference; lastKnownFileType = sourcecode.swift; path = AppFactory.swift; sourceTree = "<group>"; };
		664BF3042BF6AEA300C9D29E /* AppCoordinator.swift */ = {isa = PBXFileReference; lastKnownFileType = sourcecode.swift; path = AppCoordinator.swift; sourceTree = "<group>"; };
/* End PBXFileReference section */

/* Begin PBXFrameworksBuildPhase section */
		664BF2B72BF6472C00C9D29E /* Frameworks */ = {
			isa = PBXFrameworksBuildPhase;
			buildActionMask = 2147483647;
			files = (
			);
			runOnlyForDeploymentPostprocessing = 0;
		};
/* End PBXFrameworksBuildPhase section */

/* Begin PBXGroup section */
		664A511C2C1CE25B003491BA /* Core */ = {
			isa = PBXGroup;
			children = (
				664BF2DB2BF65B9B00C9D29E /* Navigable.swift */,
				664BF2ED2BF6634500C9D29E /* Coordinatable.swift */,
				664BF2F12BF6676E00C9D29E /* OverlordCoordinator.swift */,
			);
			path = Core;
			sourceTree = "<group>";
		};
		664A511D2C1DCE5B003491BA /* Storage */ = {
			isa = PBXGroup;
			children = (
				664A511E2C1DCE6C003491BA /* ImageCache.swift */,
			);
			path = Storage;
			sourceTree = "<group>";
		};
		664A51252C1DD3DF003491BA /* Utils */ = {
			isa = PBXGroup;
			children = (
				664A51262C1DD3FB003491BA /* UIImage + BlurHash.swift */,
				664A512A2C1DD5D9003491BA /* UIColor + Extensions.swift */,
				664A512C2C1DD737003491BA /* UIImage + Preload.swift */,
			);
			name = Utils;
			path = Storage/Utils;
			sourceTree = "<group>";
		};
		664A512F2C1DE706003491BA /* Networking */ = {
			isa = PBXGroup;
			children = (
				664A514C2C1DFE50003491BA /* Request */,
				664A51302C1DE716003491BA /* Core */,
				664A513D2C1DEEC0003491BA /* Paging */,
				664A514A2C1DFB4C003491BA /* Components */,
			);
			path = Networking;
			sourceTree = "<group>";
		};
		664A51302C1DE716003491BA /* Core */ = {
			isa = PBXGroup;
			children = (
				664A51332C1DE7CD003491BA /* Requestable.swift */,
				664A51352C1DE804003491BA /* NetworkService.swift */,
				664A51372C1DE831003491BA /* NetworkService + Requestable.swift */,
				664A513B2C1DE8A0003491BA /* HTTPResponseStatus.swift */,
				664A51392C1DE87E003491BA /* APIError.swift */,
			);
			path = Core;
			sourceTree = "<group>";
		};
		664A513D2C1DEEC0003491BA /* Paging */ = {
			isa = PBXGroup;
			children = (
				664A513E2C1DEED9003491BA /* Pageable.swift */,
				664A51402C1DEFA4003491BA /* PagingGenerator.swift */,
			);
			path = Paging;
			sourceTree = "<group>";
		};
		664A514A2C1DFB4C003491BA /* Components */ = {
			isa = PBXGroup;
			children = (
				664A51422C1DFA38003491BA /* HTTPMethod.swift */,
				664A51442C1DFA50003491BA /* API.swift */,
				664A51462C1DFA64003491BA /* Endpoints.swift */,
				664A51482C1DFA7A003491BA /* Authorization.swift */,
			);
			path = Components;
			sourceTree = "<group>";
		};
		664A514C2C1DFE50003491BA /* Request */ = {
			isa = PBXGroup;
			children = (
				664A514D2C1DFE64003491BA /* PrepareParameters.swift */,
				664A514F2C1DFEE8003491BA /* PrepareRequests.swift */,
				664A51512C1DFF61003491BA /* RequestController.swift */,
			);
			path = Request;
			sourceTree = "<group>";
		};
		664BF2B12BF6472C00C9D29E = {
			isa = PBXGroup;
			children = (
				664BF2BC2BF6472C00C9D29E /* Snjor */,
				664BF2BB2BF6472C00C9D29E /* Products */,
			);
			sourceTree = "<group>";
		};
		664BF2BB2BF6472C00C9D29E /* Products */ = {
			isa = PBXGroup;
			children = (
				664BF2BA2BF6472C00C9D29E /* Snjor.app */,
			);
			name = Products;
			sourceTree = "<group>";
		};
		664BF2BC2BF6472C00C9D29E /* Snjor */ = {
			isa = PBXGroup;
			children = (
				664A512F2C1DE706003491BA /* Networking */,
				664A51252C1DD3DF003491BA /* Utils */,
				664A511D2C1DCE5B003491BA /* Storage */,
				664BF2D22BF64B0C00C9D29E /* AppLifecycle */,
				664BF2DE2BF65BB400C9D29E /* Navigation */,
				664BF2F82BF67DF000C9D29E /* Screens */,
				664BF2EB2BF6632400C9D29E /* Coordinators */,
				664BF2FB2BF681DF00C9D29E /* Factories */,
				664BF2D32BF64B2C00C9D29E /* Resources */,
				664A51532C1E4095003491BA /* BaseViewModel.swift */,
				664A51552C1E40B2003491BA /* StateController.swift */,
				664A51592C1E443E003491BA /* Reusable.swift */,
				664A51572C1E4319003491BA /* MessageDisplayable.swift */,
			);
			path = Snjor;
			sourceTree = "<group>";
		};
		664BF2D22BF64B0C00C9D29E /* AppLifecycle */ = {
			isa = PBXGroup;
			children = (
				664BF2BD2BF6472C00C9D29E /* AppDelegate.swift */,
				664BF2BF2BF6472C00C9D29E /* SceneDelegate.swift */,
			);
			path = AppLifecycle;
			sourceTree = "<group>";
		};
		664BF2D32BF64B2C00C9D29E /* Resources */ = {
			isa = PBXGroup;
			children = (
				664BF2C62BF6473000C9D29E /* Assets.xcassets */,
				664BF2C82BF6473000C9D29E /* LaunchScreen.storyboard */,
				664BF2CB2BF6473000C9D29E /* Info.plist */,
			);
			name = Resources;
			sourceTree = "<group>";
		};
		664BF2DE2BF65BB400C9D29E /* Navigation */ = {
			isa = PBXGroup;
			children = (
				664A511C2C1CE25B003491BA /* Core */,
				664BF2DF2BF65C5900C9D29E /* Navigation.swift */,
				664BF2E12BF65D0C00C9D29E /* Navigation + Navigable.swift */,
				664BF2E32BF65E4E00C9D29E /* Navigation + UIAdaptivePresentationControllerDelegate.swift */,
				664BF2E52BF65F4400C9D29E /* Navigation + UINavigationControllerDelegate.swift */,
			);
			path = Navigation;
			sourceTree = "<group>";
		};
		664BF2EB2BF6632400C9D29E /* Coordinators */ = {
			isa = PBXGroup;
			children = (
				664BF3002BF6999800C9D29E /* MainTabBarCoordinator.swift */,
				664BF3042BF6AEA300C9D29E /* AppCoordinator.swift */,
			);
			path = Coordinators;
			sourceTree = "<group>";
		};
		664BF2F82BF67DF000C9D29E /* Screens */ = {
			isa = PBXGroup;
			children = (
				664BF2F62BF67DC000C9D29E /* MainTabBarController.swift */,
			);
			path = Screens;
			sourceTree = "<group>";
		};
		664BF2FB2BF681DF00C9D29E /* Factories */ = {
			isa = PBXGroup;
			children = (
				664BF2F92BF67F1A00C9D29E /* TabBarItemFactory.swift */,
				664BF2FC2BF681FA00C9D29E /* MainTabBarFactory.swift */,
				664BF3022BF6AD3900C9D29E /* AppFactory.swift */,
			);
			path = Factories;
			sourceTree = "<group>";
		};
/* End PBXGroup section */

/* Begin PBXNativeTarget section */
		664BF2B92BF6472C00C9D29E /* Snjor */ = {
			isa = PBXNativeTarget;
			buildConfigurationList = 664BF2CE2BF6473000C9D29E /* Build configuration list for PBXNativeTarget "Snjor" */;
			buildPhases = (
				664BF2B62BF6472C00C9D29E /* Sources */,
				664BF2B72BF6472C00C9D29E /* Frameworks */,
				664BF2B82BF6472C00C9D29E /* Resources */,
				664BF2D12BF649D300C9D29E /* ShellScript */,
			);
			buildRules = (
			);
			dependencies = (
			);
			name = Snjor;
			productName = Snjor;
			productReference = 664BF2BA2BF6472C00C9D29E /* Snjor.app */;
			productType = "com.apple.product-type.application";
		};
/* End PBXNativeTarget section */

/* Begin PBXProject section */
		664BF2B22BF6472C00C9D29E /* Project object */ = {
			isa = PBXProject;
			attributes = {
				BuildIndependentTargetsInParallel = 1;
				LastSwiftUpdateCheck = 1540;
				LastUpgradeCheck = 1540;
				TargetAttributes = {
					664BF2B92BF6472C00C9D29E = {
						CreatedOnToolsVersion = 15.4;
					};
				};
			};
			buildConfigurationList = 664BF2B52BF6472C00C9D29E /* Build configuration list for PBXProject "Snjor" */;
			compatibilityVersion = "Xcode 14.0";
			developmentRegion = en;
			hasScannedForEncodings = 0;
			knownRegions = (
				en,
				Base,
			);
			mainGroup = 664BF2B12BF6472C00C9D29E;
			productRefGroup = 664BF2BB2BF6472C00C9D29E /* Products */;
			projectDirPath = "";
			projectRoot = "";
			targets = (
				664BF2B92BF6472C00C9D29E /* Snjor */,
			);
		};
/* End PBXProject section */

/* Begin PBXResourcesBuildPhase section */
		664BF2B82BF6472C00C9D29E /* Resources */ = {
			isa = PBXResourcesBuildPhase;
			buildActionMask = 2147483647;
			files = (
				664BF2C72BF6473000C9D29E /* Assets.xcassets in Resources */,
				664BF2CA2BF6473000C9D29E /* Base in Resources */,
			);
			runOnlyForDeploymentPostprocessing = 0;
		};
/* End PBXResourcesBuildPhase section */

/* Begin PBXShellScriptBuildPhase section */
		664BF2D12BF649D300C9D29E /* ShellScript */ = {
			isa = PBXShellScriptBuildPhase;
			alwaysOutOfDate = 1;
			buildActionMask = 2147483647;
			files = (
			);
			inputFileListPaths = (
			);
			inputPaths = (
			);
			outputFileListPaths = (
			);
			outputPaths = (
			);
			runOnlyForDeploymentPostprocessing = 0;
			shellPath = /bin/sh;
			shellScript = "# Type a script or drag a script file from your workspace to insert its path.\nPATH=/opt/homebrew/bin:$PATH\nif [ -f ~/com.raywenderlich.swiftlint.yml ]; then\n  if which swiftlint >/dev/null; then\n    swiftlint --no-cache --config ~/com.raywenderlich.swiftlint.yml\n  fi\nfi\n";
		};
/* End PBXShellScriptBuildPhase section */

/* Begin PBXSourcesBuildPhase section */
		664BF2B62BF6472C00C9D29E /* Sources */ = {
			isa = PBXSourcesBuildPhase;
			buildActionMask = 2147483647;
			files = (
				664A515A2C1E443E003491BA /* Reusable.swift in Sources */,
				664A51472C1DFA64003491BA /* Endpoints.swift in Sources */,
				664BF2FA2BF67F1A00C9D29E /* TabBarItemFactory.swift in Sources */,
				664A51582C1E4319003491BA /* MessageDisplayable.swift in Sources */,
				664BF2F22BF6676E00C9D29E /* OverlordCoordinator.swift in Sources */,
				664A512D2C1DD737003491BA /* UIImage + Preload.swift in Sources */,
				664A511F2C1DCE6C003491BA /* ImageCache.swift in Sources */,
				664A513F2C1DEED9003491BA /* Pageable.swift in Sources */,
				664A51522C1DFF61003491BA /* RequestController.swift in Sources */,
				664A51412C1DEFA4003491BA /* PagingGenerator.swift in Sources */,
				664A51452C1DFA50003491BA /* API.swift in Sources */,
				664A51382C1DE831003491BA /* NetworkService + Requestable.swift in Sources */,
				664A51492C1DFA7A003491BA /* Authorization.swift in Sources */,
				664BF2F72BF67DC000C9D29E /* MainTabBarController.swift in Sources */,
				664A513C2C1DE8A0003491BA /* HTTPResponseStatus.swift in Sources */,
				664A51342C1DE7CD003491BA /* Requestable.swift in Sources */,
				664BF3052BF6AEA300C9D29E /* AppCoordinator.swift in Sources */,
				664BF2BE2BF6472C00C9D29E /* AppDelegate.swift in Sources */,
				664BF2E42BF65E4E00C9D29E /* Navigation + UIAdaptivePresentationControllerDelegate.swift in Sources */,
				664A51272C1DD3FB003491BA /* UIImage + BlurHash.swift in Sources */,
				664A513A2C1DE87E003491BA /* APIError.swift in Sources */,
				664A51542C1E4095003491BA /* BaseViewModel.swift in Sources */,
				664BF2E02BF65C5900C9D29E /* Navigation.swift in Sources */,
				664BF2FD2BF681FA00C9D29E /* MainTabBarFactory.swift in Sources */,
				664BF2E62BF65F4400C9D29E /* Navigation + UINavigationControllerDelegate.swift in Sources */,
				664A51362C1DE804003491BA /* NetworkService.swift in Sources */,
				664BF3032BF6AD3900C9D29E /* AppFactory.swift in Sources */,
				664BF3012BF6999800C9D29E /* MainTabBarCoordinator.swift in Sources */,
				664BF2EE2BF6634500C9D29E /* Coordinatable.swift in Sources */,
				664BF2E22BF65D0C00C9D29E /* Navigation + Navigable.swift in Sources */,
				664A51432C1DFA38003491BA /* HTTPMethod.swift in Sources */,
				664A51562C1E40B2003491BA /* StateController.swift in Sources */,
				664A51502C1DFEE8003491BA /* PrepareRequests.swift in Sources */,
				664A514E2C1DFE64003491BA /* PrepareParameters.swift in Sources */,
				664A512B2C1DD5D9003491BA /* UIColor + Extensions.swift in Sources */,
				664BF2C02BF6472C00C9D29E /* SceneDelegate.swift in Sources */,
				664BF2DC2BF65B9B00C9D29E /* Navigable.swift in Sources */,
			);
			runOnlyForDeploymentPostprocessing = 0;
		};
/* End PBXSourcesBuildPhase section */

/* Begin PBXVariantGroup section */
		664BF2C82BF6473000C9D29E /* LaunchScreen.storyboard */ = {
			isa = PBXVariantGroup;
			children = (
				664BF2C92BF6473000C9D29E /* Base */,
			);
			name = LaunchScreen.storyboard;
			sourceTree = "<group>";
		};
/* End PBXVariantGroup section */

/* Begin XCBuildConfiguration section */
		664BF2CC2BF6473000C9D29E /* Debug */ = {
			isa = XCBuildConfiguration;
			buildSettings = {
				ALWAYS_SEARCH_USER_PATHS = NO;
				ASSETCATALOG_COMPILER_GENERATE_SWIFT_ASSET_SYMBOL_EXTENSIONS = YES;
				CLANG_ANALYZER_NONNULL = YES;
				CLANG_ANALYZER_NUMBER_OBJECT_CONVERSION = YES_AGGRESSIVE;
				CLANG_CXX_LANGUAGE_STANDARD = "gnu++20";
				CLANG_ENABLE_MODULES = YES;
				CLANG_ENABLE_OBJC_ARC = YES;
				CLANG_ENABLE_OBJC_WEAK = YES;
				CLANG_WARN_BLOCK_CAPTURE_AUTORELEASING = YES;
				CLANG_WARN_BOOL_CONVERSION = YES;
				CLANG_WARN_COMMA = YES;
				CLANG_WARN_CONSTANT_CONVERSION = YES;
				CLANG_WARN_DEPRECATED_OBJC_IMPLEMENTATIONS = YES;
				CLANG_WARN_DIRECT_OBJC_ISA_USAGE = YES_ERROR;
				CLANG_WARN_DOCUMENTATION_COMMENTS = YES;
				CLANG_WARN_EMPTY_BODY = YES;
				CLANG_WARN_ENUM_CONVERSION = YES;
				CLANG_WARN_INFINITE_RECURSION = YES;
				CLANG_WARN_INT_CONVERSION = YES;
				CLANG_WARN_NON_LITERAL_NULL_CONVERSION = YES;
				CLANG_WARN_OBJC_IMPLICIT_RETAIN_SELF = YES;
				CLANG_WARN_OBJC_LITERAL_CONVERSION = YES;
				CLANG_WARN_OBJC_ROOT_CLASS = YES_ERROR;
				CLANG_WARN_QUOTED_INCLUDE_IN_FRAMEWORK_HEADER = YES;
				CLANG_WARN_RANGE_LOOP_ANALYSIS = YES;
				CLANG_WARN_STRICT_PROTOTYPES = YES;
				CLANG_WARN_SUSPICIOUS_MOVE = YES;
				CLANG_WARN_UNGUARDED_AVAILABILITY = YES_AGGRESSIVE;
				CLANG_WARN_UNREACHABLE_CODE = YES;
				CLANG_WARN__DUPLICATE_METHOD_MATCH = YES;
				COPY_PHASE_STRIP = NO;
				DEBUG_INFORMATION_FORMAT = dwarf;
				ENABLE_STRICT_OBJC_MSGSEND = YES;
				ENABLE_TESTABILITY = YES;
				ENABLE_USER_SCRIPT_SANDBOXING = NO;
				GCC_C_LANGUAGE_STANDARD = gnu17;
				GCC_DYNAMIC_NO_PIC = NO;
				GCC_NO_COMMON_BLOCKS = YES;
				GCC_OPTIMIZATION_LEVEL = 0;
				GCC_PREPROCESSOR_DEFINITIONS = (
					"DEBUG=1",
					"$(inherited)",
				);
				GCC_WARN_64_TO_32_BIT_CONVERSION = YES;
				GCC_WARN_ABOUT_RETURN_TYPE = YES_ERROR;
				GCC_WARN_UNDECLARED_SELECTOR = YES;
				GCC_WARN_UNINITIALIZED_AUTOS = YES_AGGRESSIVE;
				GCC_WARN_UNUSED_FUNCTION = YES;
				GCC_WARN_UNUSED_VARIABLE = YES;
				IPHONEOS_DEPLOYMENT_TARGET = 15.0;
				LOCALIZATION_PREFERS_STRING_CATALOGS = YES;
				MTL_ENABLE_DEBUG_INFO = INCLUDE_SOURCE;
				MTL_FAST_MATH = YES;
				ONLY_ACTIVE_ARCH = YES;
				SDKROOT = iphoneos;
				SWIFT_ACTIVE_COMPILATION_CONDITIONS = "DEBUG $(inherited)";
				SWIFT_OPTIMIZATION_LEVEL = "-Onone";
			};
			name = Debug;
		};
		664BF2CD2BF6473000C9D29E /* Release */ = {
			isa = XCBuildConfiguration;
			buildSettings = {
				ALWAYS_SEARCH_USER_PATHS = NO;
				ASSETCATALOG_COMPILER_GENERATE_SWIFT_ASSET_SYMBOL_EXTENSIONS = YES;
				CLANG_ANALYZER_NONNULL = YES;
				CLANG_ANALYZER_NUMBER_OBJECT_CONVERSION = YES_AGGRESSIVE;
				CLANG_CXX_LANGUAGE_STANDARD = "gnu++20";
				CLANG_ENABLE_MODULES = YES;
				CLANG_ENABLE_OBJC_ARC = YES;
				CLANG_ENABLE_OBJC_WEAK = YES;
				CLANG_WARN_BLOCK_CAPTURE_AUTORELEASING = YES;
				CLANG_WARN_BOOL_CONVERSION = YES;
				CLANG_WARN_COMMA = YES;
				CLANG_WARN_CONSTANT_CONVERSION = YES;
				CLANG_WARN_DEPRECATED_OBJC_IMPLEMENTATIONS = YES;
				CLANG_WARN_DIRECT_OBJC_ISA_USAGE = YES_ERROR;
				CLANG_WARN_DOCUMENTATION_COMMENTS = YES;
				CLANG_WARN_EMPTY_BODY = YES;
				CLANG_WARN_ENUM_CONVERSION = YES;
				CLANG_WARN_INFINITE_RECURSION = YES;
				CLANG_WARN_INT_CONVERSION = YES;
				CLANG_WARN_NON_LITERAL_NULL_CONVERSION = YES;
				CLANG_WARN_OBJC_IMPLICIT_RETAIN_SELF = YES;
				CLANG_WARN_OBJC_LITERAL_CONVERSION = YES;
				CLANG_WARN_OBJC_ROOT_CLASS = YES_ERROR;
				CLANG_WARN_QUOTED_INCLUDE_IN_FRAMEWORK_HEADER = YES;
				CLANG_WARN_RANGE_LOOP_ANALYSIS = YES;
				CLANG_WARN_STRICT_PROTOTYPES = YES;
				CLANG_WARN_SUSPICIOUS_MOVE = YES;
				CLANG_WARN_UNGUARDED_AVAILABILITY = YES_AGGRESSIVE;
				CLANG_WARN_UNREACHABLE_CODE = YES;
				CLANG_WARN__DUPLICATE_METHOD_MATCH = YES;
				COPY_PHASE_STRIP = NO;
				DEBUG_INFORMATION_FORMAT = "dwarf-with-dsym";
				ENABLE_NS_ASSERTIONS = NO;
				ENABLE_STRICT_OBJC_MSGSEND = YES;
				ENABLE_USER_SCRIPT_SANDBOXING = YES;
				GCC_C_LANGUAGE_STANDARD = gnu17;
				GCC_NO_COMMON_BLOCKS = YES;
				GCC_WARN_64_TO_32_BIT_CONVERSION = YES;
				GCC_WARN_ABOUT_RETURN_TYPE = YES_ERROR;
				GCC_WARN_UNDECLARED_SELECTOR = YES;
				GCC_WARN_UNINITIALIZED_AUTOS = YES_AGGRESSIVE;
				GCC_WARN_UNUSED_FUNCTION = YES;
				GCC_WARN_UNUSED_VARIABLE = YES;
				IPHONEOS_DEPLOYMENT_TARGET = 15.0;
				LOCALIZATION_PREFERS_STRING_CATALOGS = YES;
				MTL_ENABLE_DEBUG_INFO = NO;
				MTL_FAST_MATH = YES;
				SDKROOT = iphoneos;
				SWIFT_COMPILATION_MODE = wholemodule;
				VALIDATE_PRODUCT = YES;
			};
			name = Release;
		};
		664BF2CF2BF6473000C9D29E /* Debug */ = {
			isa = XCBuildConfiguration;
			buildSettings = {
				ASSETCATALOG_COMPILER_APPICON_NAME = AppIcon;
				ASSETCATALOG_COMPILER_GLOBAL_ACCENT_COLOR_NAME = AccentColor;
				CODE_SIGN_STYLE = Automatic;
				CURRENT_PROJECT_VERSION = 1;
				DEVELOPMENT_TEAM = A62Q8AU4X8;
				GENERATE_INFOPLIST_FILE = YES;
				INFOPLIST_FILE = Snjor/Info.plist;
				INFOPLIST_KEY_UIApplicationSupportsIndirectInputEvents = YES;
				INFOPLIST_KEY_UILaunchStoryboardName = LaunchScreen;
				INFOPLIST_KEY_UISupportedInterfaceOrientations = UIInterfaceOrientationPortrait;
				LD_RUNPATH_SEARCH_PATHS = (
					"$(inherited)",
					"@executable_path/Frameworks",
				);
				MARKETING_VERSION = 1.0;
				PRODUCT_BUNDLE_IDENTIFIER = com.mirzakanov.Snjor;
				PRODUCT_NAME = "$(TARGET_NAME)";
				SUPPORTED_PLATFORMS = "iphoneos iphonesimulator";
				SUPPORTS_MACCATALYST = NO;
				SUPPORTS_MAC_DESIGNED_FOR_IPHONE_IPAD = NO;
				SUPPORTS_XR_DESIGNED_FOR_IPHONE_IPAD = NO;
				SWIFT_EMIT_LOC_STRINGS = YES;
				SWIFT_VERSION = 5.0;
				TARGETED_DEVICE_FAMILY = "1,2";
			};
			name = Debug;
		};
		664BF2D02BF6473000C9D29E /* Release */ = {
			isa = XCBuildConfiguration;
			buildSettings = {
				ASSETCATALOG_COMPILER_APPICON_NAME = AppIcon;
				ASSETCATALOG_COMPILER_GLOBAL_ACCENT_COLOR_NAME = AccentColor;
				CODE_SIGN_STYLE = Automatic;
				CURRENT_PROJECT_VERSION = 1;
				DEVELOPMENT_TEAM = A62Q8AU4X8;
				GENERATE_INFOPLIST_FILE = YES;
				INFOPLIST_FILE = Snjor/Info.plist;
				INFOPLIST_KEY_UIApplicationSupportsIndirectInputEvents = YES;
				INFOPLIST_KEY_UILaunchStoryboardName = LaunchScreen;
				INFOPLIST_KEY_UISupportedInterfaceOrientations = UIInterfaceOrientationPortrait;
				LD_RUNPATH_SEARCH_PATHS = (
					"$(inherited)",
					"@executable_path/Frameworks",
				);
				MARKETING_VERSION = 1.0;
				PRODUCT_BUNDLE_IDENTIFIER = com.mirzakanov.Snjor;
				PRODUCT_NAME = "$(TARGET_NAME)";
				SUPPORTED_PLATFORMS = "iphoneos iphonesimulator";
				SUPPORTS_MACCATALYST = NO;
				SUPPORTS_MAC_DESIGNED_FOR_IPHONE_IPAD = NO;
				SUPPORTS_XR_DESIGNED_FOR_IPHONE_IPAD = NO;
				SWIFT_EMIT_LOC_STRINGS = YES;
				SWIFT_VERSION = 5.0;
				TARGETED_DEVICE_FAMILY = "1,2";
			};
			name = Release;
		};
/* End XCBuildConfiguration section */

/* Begin XCConfigurationList section */
		664BF2B52BF6472C00C9D29E /* Build configuration list for PBXProject "Snjor" */ = {
			isa = XCConfigurationList;
			buildConfigurations = (
				664BF2CC2BF6473000C9D29E /* Debug */,
				664BF2CD2BF6473000C9D29E /* Release */,
			);
			defaultConfigurationIsVisible = 0;
			defaultConfigurationName = Release;
		};
		664BF2CE2BF6473000C9D29E /* Build configuration list for PBXNativeTarget "Snjor" */ = {
			isa = XCConfigurationList;
			buildConfigurations = (
				664BF2CF2BF6473000C9D29E /* Debug */,
				664BF2D02BF6473000C9D29E /* Release */,
			);
			defaultConfigurationIsVisible = 0;
			defaultConfigurationName = Release;
		};
/* End XCConfigurationList section */
	};
	rootObject = 664BF2B22BF6472C00C9D29E /* Project object */;
}
